// !$*UTF8*$!
{
	archiveVersion = 1;
	classes = {
	};
	objectVersion = 45;
	objects = {

/* Begin PBXBuildFile section */
		03251A5712A8050C00E2FA25 /* back.png in Resources */ = {isa = PBXBuildFile; fileRef = 03251A5412A8050C00E2FA25 /* back.png */; };
		03251A5812A8050C00E2FA25 /* zomg.fnt in Resources */ = {isa = PBXBuildFile; fileRef = 03251A5512A8050C00E2FA25 /* zomg.fnt */; };
		03251A5912A8050C00E2FA25 /* zomg.png in Resources */ = {isa = PBXBuildFile; fileRef = 03251A5612A8050C00E2FA25 /* zomg.png */; };
		032A166E12ABF3970046B89E /* Component.mm in Sources */ = {isa = PBXBuildFile; fileRef = 032A15E012ABF3970046B89E /* Component.mm */; };
		032A166F12ABF3970046B89E /* Entity.mm in Sources */ = {isa = PBXBuildFile; fileRef = 032A15E412ABF3970046B89E /* Entity.mm */; };
		032A167012ABF3970046B89E /* EntityManager.mm in Sources */ = {isa = PBXBuildFile; fileRef = 032A15E712ABF3970046B89E /* EntityManager.mm */; };
		032A167112ABF3970046B89E /* CDAudioManager.m in Sources */ = {isa = PBXBuildFile; fileRef = 032A15EC12ABF3970046B89E /* CDAudioManager.m */; };
		032A167212ABF3970046B89E /* CDOpenALSupport.m in Sources */ = {isa = PBXBuildFile; fileRef = 032A15EF12ABF3970046B89E /* CDOpenALSupport.m */; };
		032A167312ABF3970046B89E /* CocosDenshion.m in Sources */ = {isa = PBXBuildFile; fileRef = 032A15F112ABF3970046B89E /* CocosDenshion.m */; };
		032A167412ABF3970046B89E /* SimpleAudioEngine.m in Sources */ = {isa = PBXBuildFile; fileRef = 032A15F312ABF3970046B89E /* SimpleAudioEngine.m */; };
		032A167512ABF3970046B89E /* bm_font.mm in Sources */ = {isa = PBXBuildFile; fileRef = 032A15F712ABF3970046B89E /* bm_font.mm */; };
		032A167612ABF3970046B89E /* OBJCTexture2D.mm in Sources */ = {isa = PBXBuildFile; fileRef = 032A15FB12ABF3970046B89E /* OBJCTexture2D.mm */; };
		032A167712ABF3970046B89E /* ParticleEmitter.mm in Sources */ = {isa = PBXBuildFile; fileRef = 032A15FE12ABF3970046B89E /* ParticleEmitter.mm */; };
		032A167812ABF3970046B89E /* TBXMLParticleAdditions.m in Sources */ = {isa = PBXBuildFile; fileRef = 032A160012ABF3970046B89E /* TBXMLParticleAdditions.m */; };
		032A167912ABF3970046B89E /* NSDataAdditions.m in Sources */ = {isa = PBXBuildFile; fileRef = 032A160412ABF3970046B89E /* NSDataAdditions.m */; };
		032A167A12ABF3970046B89E /* TBXML.m in Sources */ = {isa = PBXBuildFile; fileRef = 032A160612ABF3970046B89E /* TBXML.m */; };
		032A167B12ABF3970046B89E /* RenderDevice.mm in Sources */ = {isa = PBXBuildFile; fileRef = 032A160812ABF3970046B89E /* RenderDevice.mm */; };
		032A167C12ABF3970046B89E /* image_DXT.mm in Sources */ = {isa = PBXBuildFile; fileRef = 032A160B12ABF3970046B89E /* image_DXT.mm */; };
		032A167D12ABF3970046B89E /* image_helper.mm in Sources */ = {isa = PBXBuildFile; fileRef = 032A160D12ABF3970046B89E /* image_helper.mm */; };
		032A167E12ABF3970046B89E /* SOIL.mm in Sources */ = {isa = PBXBuildFile; fileRef = 032A160F12ABF3970046B89E /* SOIL.mm */; };
		032A167F12ABF3970046B89E /* stb_image_aug.mm in Sources */ = {isa = PBXBuildFile; fileRef = 032A161112ABF3970046B89E /* stb_image_aug.mm */; };
		032A168012ABF3970046B89E /* Texture2D.mm in Sources */ = {isa = PBXBuildFile; fileRef = 032A161512ABF3970046B89E /* Texture2D.mm */; };
		032A168112ABF3970046B89E /* TexturedQuad.mm in Sources */ = {isa = PBXBuildFile; fileRef = 032A161712ABF3970046B89E /* TexturedQuad.mm */; };
		032A168212ABF3970046B89E /* InputDevice.mm in Sources */ = {isa = PBXBuildFile; fileRef = 032A161A12ABF3970046B89E /* InputDevice.mm */; };
		032A168312ABF3970046B89E /* EAGLView.mm in Sources */ = {isa = PBXBuildFile; fileRef = 032A161E12ABF3970046B89E /* EAGLView.mm */; };
		032A168412ABF3970046B89E /* FacebookSubmitController.m in Sources */ = {isa = PBXBuildFile; fileRef = 032A162112ABF3970046B89E /* FacebookSubmitController.m */; };
		032A168512ABF3970046B89E /* FacebookSubmitController.xib in Resources */ = {isa = PBXBuildFile; fileRef = 032A162212ABF3970046B89E /* FacebookSubmitController.xib */; };
		032A168612ABF3970046B89E /* Facebook.m in Sources */ = {isa = PBXBuildFile; fileRef = 032A162512ABF3970046B89E /* Facebook.m */; };
		032A168712ABF3970046B89E /* FBDialog.bundle in Resources */ = {isa = PBXBuildFile; fileRef = 032A162712ABF3970046B89E /* FBDialog.bundle */; };
		032A168812ABF3970046B89E /* FBDialog.m in Sources */ = {isa = PBXBuildFile; fileRef = 032A162912ABF3970046B89E /* FBDialog.m */; };
		032A168912ABF3970046B89E /* FBLoginDialog.m in Sources */ = {isa = PBXBuildFile; fileRef = 032A162B12ABF3970046B89E /* FBLoginDialog.m */; };
		032A168A12ABF3970046B89E /* FBRequest.m in Sources */ = {isa = PBXBuildFile; fileRef = 032A162D12ABF3970046B89E /* FBRequest.m */; };
		032A168B12ABF3970046B89E /* NSObject+SBJSON.m in Sources */ = {isa = PBXBuildFile; fileRef = 032A163112ABF3970046B89E /* NSObject+SBJSON.m */; };
		032A168C12ABF3970046B89E /* NSString+SBJSON.m in Sources */ = {isa = PBXBuildFile; fileRef = 032A163312ABF3970046B89E /* NSString+SBJSON.m */; };
		032A168D12ABF3970046B89E /* SBJSON.m in Sources */ = {isa = PBXBuildFile; fileRef = 032A163512ABF3970046B89E /* SBJSON.m */; };
		032A168E12ABF3970046B89E /* SBJsonBase.m in Sources */ = {isa = PBXBuildFile; fileRef = 032A163712ABF3970046B89E /* SBJsonBase.m */; };
		032A168F12ABF3970046B89E /* SBJsonParser.m in Sources */ = {isa = PBXBuildFile; fileRef = 032A163912ABF3970046B89E /* SBJsonParser.m */; };
		032A169012ABF3970046B89E /* SBJsonWriter.m in Sources */ = {isa = PBXBuildFile; fileRef = 032A163B12ABF3970046B89E /* SBJsonWriter.m */; };
		032A169112ABF3970046B89E /* GameCenterManager.m in Sources */ = {isa = PBXBuildFile; fileRef = 032A163D12ABF3970046B89E /* GameCenterManager.m */; };
		032A169212ABF3970046B89E /* MainViewController.mm in Sources */ = {isa = PBXBuildFile; fileRef = 032A164012ABF3970046B89E /* MainViewController.mm */; };
		032A169312ABF3970046B89E /* MainViewController_landscape.xib in Resources */ = {isa = PBXBuildFile; fileRef = 032A164112ABF3970046B89E /* MainViewController_landscape.xib */; };
		032A169412ABF3970046B89E /* MainViewController_portrait.xib in Resources */ = {isa = PBXBuildFile; fileRef = 032A164212ABF3970046B89E /* MainViewController_portrait.xib */; };
		032A169512ABF3970046B89E /* MainWindow.xib in Resources */ = {isa = PBXBuildFile; fileRef = 032A164312ABF3970046B89E /* MainWindow.xib */; };
		032A169612ABF3970046B89E /* MXAppDelegate.mm in Sources */ = {isa = PBXBuildFile; fileRef = 032A164512ABF3970046B89E /* MXAppDelegate.mm */; };
		032A169712ABF3970046B89E /* RenderableManager.mm in Sources */ = {isa = PBXBuildFile; fileRef = 032A164812ABF3970046B89E /* RenderableManager.mm */; };
		032A169812ABF3970046B89E /* TextureManager.mm in Sources */ = {isa = PBXBuildFile; fileRef = 032A164A12ABF3970046B89E /* TextureManager.mm */; };
		032A169912ABF3970046B89E /* Scene.mm in Sources */ = {isa = PBXBuildFile; fileRef = 032A164D12ABF3970046B89E /* Scene.mm */; };
		032A169A12ABF3970046B89E /* Timer.mm in Sources */ = {isa = PBXBuildFile; fileRef = 032A165012ABF3970046B89E /* Timer.mm */; };
		032A169B12ABF3970046B89E /* util.cpp in Sources */ = {isa = PBXBuildFile; fileRef = 032A165112ABF3970046B89E /* util.cpp */; };
		032A169C12ABF3970046B89E /* ActionSystem.mm in Sources */ = {isa = PBXBuildFile; fileRef = 032A165712ABF3970046B89E /* ActionSystem.mm */; };
		032A169D12ABF3970046B89E /* AnimationSystem.mm in Sources */ = {isa = PBXBuildFile; fileRef = 032A165A12ABF3970046B89E /* AnimationSystem.mm */; };
		032A169E12ABF3970046B89E /* AttachmentSystem.mm in Sources */ = {isa = PBXBuildFile; fileRef = 032A165D12ABF3970046B89E /* AttachmentSystem.mm */; };
		032A169F12ABF3970046B89E /* CorpseRetrievalSystem.mm in Sources */ = {isa = PBXBuildFile; fileRef = 032A166012ABF3970046B89E /* CorpseRetrievalSystem.mm */; };
		032A16A012ABF3970046B89E /* MovementSystem.mm in Sources */ = {isa = PBXBuildFile; fileRef = 032A166312ABF3970046B89E /* MovementSystem.mm */; };
		032A16A112ABF3970046B89E /* ParticleSystem.mm in Sources */ = {isa = PBXBuildFile; fileRef = 032A166612ABF3970046B89E /* ParticleSystem.mm */; };
		032A16A212ABF3970046B89E /* RenderSystem.mm in Sources */ = {isa = PBXBuildFile; fileRef = 032A166912ABF3970046B89E /* RenderSystem.mm */; };
		032A16A312ABF3970046B89E /* SoundSystem.mm in Sources */ = {isa = PBXBuildFile; fileRef = 032A166C12ABF3970046B89E /* SoundSystem.mm */; };
		032A195812AC72750046B89E /* README in Resources */ = {isa = PBXBuildFile; fileRef = 032A195712AC72750046B89E /* README */; };
		032A195B12AC72900046B89E /* GameKit.framework in Frameworks */ = {isa = PBXBuildFile; fileRef = 032A195A12AC72900046B89E /* GameKit.framework */; };
		03B8431E12A80233008D6D25 /* AppController.m in Sources */ = {isa = PBXBuildFile; fileRef = 03B8431C12A80233008D6D25 /* AppController.m */; };
		03B8432412A8026D008D6D25 /* AVFoundation.framework in Frameworks */ = {isa = PBXBuildFile; fileRef = 03B8432312A8026D008D6D25 /* AVFoundation.framework */; };
		03B8432612A8026D008D6D25 /* OpenAL.framework in Frameworks */ = {isa = PBXBuildFile; fileRef = 03B8432512A8026D008D6D25 /* OpenAL.framework */; };
		03B8432812A8026D008D6D25 /* OpenGLES.framework in Frameworks */ = {isa = PBXBuildFile; fileRef = 03B8432712A8026D008D6D25 /* OpenGLES.framework */; };
		03B8432A12A8026D008D6D25 /* QuartzCore.framework in Frameworks */ = {isa = PBXBuildFile; fileRef = 03B8432912A8026D008D6D25 /* QuartzCore.framework */; };
		03B8432C12A8026D008D6D25 /* libz.dylib in Frameworks */ = {isa = PBXBuildFile; fileRef = 03B8432B12A8026D008D6D25 /* libz.dylib */; };
		03B8435E12A802A7008D6D25 /* HUDSystem.mm in Sources */ = {isa = PBXBuildFile; fileRef = 03B8434812A802A7008D6D25 /* HUDSystem.mm */; };
		03B8435F12A802A7008D6D25 /* GameLogicSystem.mm in Sources */ = {isa = PBXBuildFile; fileRef = 03B8434B12A802A7008D6D25 /* GameLogicSystem.mm */; };
		03B8436012A802A7008D6D25 /* PlayerControlledSystem.mm in Sources */ = {isa = PBXBuildFile; fileRef = 03B8434E12A802A7008D6D25 /* PlayerControlledSystem.mm */; };
		03B8436112A802A7008D6D25 /* GameBoardSystem.mm in Sources */ = {isa = PBXBuildFile; fileRef = 03B8435112A802A7008D6D25 /* GameBoardSystem.mm */; };
		03B8436212A802A7008D6D25 /* GameComponents.mm in Sources */ = {isa = PBXBuildFile; fileRef = 03B8435412A802A7008D6D25 /* GameComponents.mm */; };
		03B8436412A802A7008D6D25 /* Game.mm in Sources */ = {isa = PBXBuildFile; fileRef = 03B8435B12A802A7008D6D25 /* Game.mm */; };
		03B8436512A802A7008D6D25 /* globals.mm in Sources */ = {isa = PBXBuildFile; fileRef = 03B8435D12A802A7008D6D25 /* globals.mm */; };
		03B8437012A802CC008D6D25 /* AudioToolbox.framework in Frameworks */ = {isa = PBXBuildFile; fileRef = 03B8436F12A802CC008D6D25 /* AudioToolbox.framework */; };
		03D33B7A12A915AC00587E92 /* MenuScene.mm in Sources */ = {isa = PBXBuildFile; fileRef = 03D33B7612A915AC00587E92 /* MenuScene.mm */; };
		03D33B7B12A915AC00587E92 /* GameScene.mm in Sources */ = {isa = PBXBuildFile; fileRef = 03D33B7912A915AC00587E92 /* GameScene.mm */; };
		1D60589B0D05DD56006BFB54 /* main.m in Sources */ = {isa = PBXBuildFile; fileRef = 29B97316FDCFA39411CA2CEA /* main.m */; };
		1D60589F0D05DD5A006BFB54 /* Foundation.framework in Frameworks */ = {isa = PBXBuildFile; fileRef = 1D30AB110D05D00D00671497 /* Foundation.framework */; };
		1DF5F4E00D08C38300B7A737 /* UIKit.framework in Frameworks */ = {isa = PBXBuildFile; fileRef = 1DF5F4DF0D08C38300B7A737 /* UIKit.framework */; };
		288765FD0DF74451002DB57D /* CoreGraphics.framework in Frameworks */ = {isa = PBXBuildFile; fileRef = 288765FC0DF74451002DB57D /* CoreGraphics.framework */; };
/* End PBXBuildFile section */

/* Begin PBXFileReference section */
		03251A5412A8050C00E2FA25 /* back.png */ = {isa = PBXFileReference; lastKnownFileType = image.png; name = back.png; path = Resources/back.png; sourceTree = "<group>"; };
		03251A5512A8050C00E2FA25 /* zomg.fnt */ = {isa = PBXFileReference; fileEncoding = 4; lastKnownFileType = text; name = zomg.fnt; path = Resources/zomg.fnt; sourceTree = "<group>"; };
		03251A5612A8050C00E2FA25 /* zomg.png */ = {isa = PBXFileReference; lastKnownFileType = image.png; name = zomg.png; path = Resources/zomg.png; sourceTree = "<group>"; };
		032A15DF12ABF3970046B89E /* Component.h */ = {isa = PBXFileReference; fileEncoding = 4; lastKnownFileType = sourcecode.c.h; path = Component.h; sourceTree = "<group>"; };
		032A15E012ABF3970046B89E /* Component.mm */ = {isa = PBXFileReference; fileEncoding = 4; lastKnownFileType = sourcecode.cpp.objcpp; path = Component.mm; sourceTree = "<group>"; };
		032A15E112ABF3970046B89E /* ComponentV3.h */ = {isa = PBXFileReference; fileEncoding = 4; lastKnownFileType = sourcecode.c.h; path = ComponentV3.h; sourceTree = "<group>"; };
		032A15E312ABF3970046B89E /* Entity.h */ = {isa = PBXFileReference; fileEncoding = 4; lastKnownFileType = sourcecode.c.h; path = Entity.h; sourceTree = "<group>"; };
		032A15E412ABF3970046B89E /* Entity.mm */ = {isa = PBXFileReference; fileEncoding = 4; lastKnownFileType = sourcecode.cpp.objcpp; path = Entity.mm; sourceTree = "<group>"; };
		032A15E612ABF3970046B89E /* EntityManager.h */ = {isa = PBXFileReference; fileEncoding = 4; lastKnownFileType = sourcecode.c.h; path = EntityManager.h; sourceTree = "<group>"; };
		032A15E712ABF3970046B89E /* EntityManager.mm */ = {isa = PBXFileReference; fileEncoding = 4; lastKnownFileType = sourcecode.cpp.objcpp; path = EntityManager.mm; sourceTree = "<group>"; };
		032A15EB12ABF3970046B89E /* CDAudioManager.h */ = {isa = PBXFileReference; fileEncoding = 4; lastKnownFileType = sourcecode.c.h; path = CDAudioManager.h; sourceTree = "<group>"; };
		032A15EC12ABF3970046B89E /* CDAudioManager.m */ = {isa = PBXFileReference; fileEncoding = 4; lastKnownFileType = sourcecode.c.objc; path = CDAudioManager.m; sourceTree = "<group>"; };
		032A15ED12ABF3970046B89E /* CDConfig.h */ = {isa = PBXFileReference; fileEncoding = 4; lastKnownFileType = sourcecode.c.h; path = CDConfig.h; sourceTree = "<group>"; };
		032A15EE12ABF3970046B89E /* CDOpenALSupport.h */ = {isa = PBXFileReference; fileEncoding = 4; lastKnownFileType = sourcecode.c.h; path = CDOpenALSupport.h; sourceTree = "<group>"; };
		032A15EF12ABF3970046B89E /* CDOpenALSupport.m */ = {isa = PBXFileReference; fileEncoding = 4; lastKnownFileType = sourcecode.c.objc; path = CDOpenALSupport.m; sourceTree = "<group>"; };
		032A15F012ABF3970046B89E /* CocosDenshion.h */ = {isa = PBXFileReference; fileEncoding = 4; lastKnownFileType = sourcecode.c.h; path = CocosDenshion.h; sourceTree = "<group>"; };
		032A15F112ABF3970046B89E /* CocosDenshion.m */ = {isa = PBXFileReference; fileEncoding = 4; lastKnownFileType = sourcecode.c.objc; path = CocosDenshion.m; sourceTree = "<group>"; };
		032A15F212ABF3970046B89E /* SimpleAudioEngine.h */ = {isa = PBXFileReference; fileEncoding = 4; lastKnownFileType = sourcecode.c.h; path = SimpleAudioEngine.h; sourceTree = "<group>"; };
		032A15F312ABF3970046B89E /* SimpleAudioEngine.m */ = {isa = PBXFileReference; fileEncoding = 4; lastKnownFileType = sourcecode.c.objc; path = SimpleAudioEngine.m; sourceTree = "<group>"; };
		032A15F612ABF3970046B89E /* bm_font.h */ = {isa = PBXFileReference; fileEncoding = 4; lastKnownFileType = sourcecode.c.h; path = bm_font.h; sourceTree = "<group>"; };
		032A15F712ABF3970046B89E /* bm_font.mm */ = {isa = PBXFileReference; fileEncoding = 4; lastKnownFileType = sourcecode.cpp.objcpp; path = bm_font.mm; sourceTree = "<group>"; };
		032A15F912ABF3970046B89E /* Global.h */ = {isa = PBXFileReference; fileEncoding = 4; lastKnownFileType = sourcecode.c.h; path = Global.h; sourceTree = "<group>"; };
		032A15FA12ABF3970046B89E /* OBJCTexture2D.h */ = {isa = PBXFileReference; fileEncoding = 4; lastKnownFileType = sourcecode.c.h; path = OBJCTexture2D.h; sourceTree = "<group>"; };
		032A15FB12ABF3970046B89E /* OBJCTexture2D.mm */ = {isa = PBXFileReference; fileEncoding = 4; lastKnownFileType = sourcecode.cpp.objcpp; path = OBJCTexture2D.mm; sourceTree = "<group>"; };
		032A15FD12ABF3970046B89E /* ParticleEmitter.h */ = {isa = PBXFileReference; fileEncoding = 4; lastKnownFileType = sourcecode.c.h; path = ParticleEmitter.h; sourceTree = "<group>"; };
		032A15FE12ABF3970046B89E /* ParticleEmitter.mm */ = {isa = PBXFileReference; fileEncoding = 4; lastKnownFileType = sourcecode.cpp.objcpp; path = ParticleEmitter.mm; sourceTree = "<group>"; };
		032A15FF12ABF3970046B89E /* TBXMLParticleAdditions.h */ = {isa = PBXFileReference; fileEncoding = 4; lastKnownFileType = sourcecode.c.h; path = TBXMLParticleAdditions.h; sourceTree = "<group>"; };
		032A160012ABF3970046B89E /* TBXMLParticleAdditions.m */ = {isa = PBXFileReference; fileEncoding = 4; lastKnownFileType = sourcecode.c.objc; path = TBXMLParticleAdditions.m; sourceTree = "<group>"; };
		032A160112ABF3970046B89E /* Structures.h */ = {isa = PBXFileReference; fileEncoding = 4; lastKnownFileType = sourcecode.c.h; path = Structures.h; sourceTree = "<group>"; };
		032A160312ABF3970046B89E /* NSDataAdditions.h */ = {isa = PBXFileReference; fileEncoding = 4; lastKnownFileType = sourcecode.c.h; path = NSDataAdditions.h; sourceTree = "<group>"; };
		032A160412ABF3970046B89E /* NSDataAdditions.m */ = {isa = PBXFileReference; fileEncoding = 4; lastKnownFileType = sourcecode.c.objc; path = NSDataAdditions.m; sourceTree = "<group>"; };
		032A160512ABF3970046B89E /* TBXML.h */ = {isa = PBXFileReference; fileEncoding = 4; lastKnownFileType = sourcecode.c.h; path = TBXML.h; sourceTree = "<group>"; };
		032A160612ABF3970046B89E /* TBXML.m */ = {isa = PBXFileReference; fileEncoding = 4; lastKnownFileType = sourcecode.c.objc; path = TBXML.m; sourceTree = "<group>"; };
		032A160712ABF3970046B89E /* RenderDevice.h */ = {isa = PBXFileReference; fileEncoding = 4; lastKnownFileType = sourcecode.c.h; path = RenderDevice.h; sourceTree = "<group>"; };
		032A160812ABF3970046B89E /* RenderDevice.mm */ = {isa = PBXFileReference; fileEncoding = 4; lastKnownFileType = sourcecode.cpp.objcpp; path = RenderDevice.mm; sourceTree = "<group>"; };
		032A160A12ABF3970046B89E /* image_DXT.h */ = {isa = PBXFileReference; fileEncoding = 4; lastKnownFileType = sourcecode.c.h; path = image_DXT.h; sourceTree = "<group>"; };
		032A160B12ABF3970046B89E /* image_DXT.mm */ = {isa = PBXFileReference; fileEncoding = 4; lastKnownFileType = sourcecode.cpp.objcpp; path = image_DXT.mm; sourceTree = "<group>"; };
		032A160C12ABF3970046B89E /* image_helper.h */ = {isa = PBXFileReference; fileEncoding = 4; lastKnownFileType = sourcecode.c.h; path = image_helper.h; sourceTree = "<group>"; };
		032A160D12ABF3970046B89E /* image_helper.mm */ = {isa = PBXFileReference; fileEncoding = 4; lastKnownFileType = sourcecode.cpp.objcpp; path = image_helper.mm; sourceTree = "<group>"; };
		032A160E12ABF3970046B89E /* SOIL.h */ = {isa = PBXFileReference; fileEncoding = 4; lastKnownFileType = sourcecode.c.h; path = SOIL.h; sourceTree = "<group>"; };
		032A160F12ABF3970046B89E /* SOIL.mm */ = {isa = PBXFileReference; fileEncoding = 4; lastKnownFileType = sourcecode.cpp.objcpp; path = SOIL.mm; sourceTree = "<group>"; };
		032A161012ABF3970046B89E /* stb_image_aug.h */ = {isa = PBXFileReference; fileEncoding = 4; lastKnownFileType = sourcecode.c.h; path = stb_image_aug.h; sourceTree = "<group>"; };
		032A161112ABF3970046B89E /* stb_image_aug.mm */ = {isa = PBXFileReference; fileEncoding = 4; lastKnownFileType = sourcecode.cpp.objcpp; path = stb_image_aug.mm; sourceTree = "<group>"; };
		032A161212ABF3970046B89E /* stbi_DDS_aug.h */ = {isa = PBXFileReference; fileEncoding = 4; lastKnownFileType = sourcecode.c.h; path = stbi_DDS_aug.h; sourceTree = "<group>"; };
		032A161312ABF3970046B89E /* stbi_DDS_aug_c.h */ = {isa = PBXFileReference; fileEncoding = 4; lastKnownFileType = sourcecode.c.h; path = stbi_DDS_aug_c.h; sourceTree = "<group>"; };
		032A161412ABF3970046B89E /* Texture2D.h */ = {isa = PBXFileReference; fileEncoding = 4; lastKnownFileType = sourcecode.c.h; path = Texture2D.h; sourceTree = "<group>"; };
		032A161512ABF3970046B89E /* Texture2D.mm */ = {isa = PBXFileReference; fileEncoding = 4; lastKnownFileType = sourcecode.cpp.objcpp; path = Texture2D.mm; sourceTree = "<group>"; };
		032A161612ABF3970046B89E /* TexturedQuad.h */ = {isa = PBXFileReference; fileEncoding = 4; lastKnownFileType = sourcecode.c.h; path = TexturedQuad.h; sourceTree = "<group>"; };
		032A161712ABF3970046B89E /* TexturedQuad.mm */ = {isa = PBXFileReference; fileEncoding = 4; lastKnownFileType = sourcecode.cpp.objcpp; path = TexturedQuad.mm; sourceTree = "<group>"; };
		032A161912ABF3970046B89E /* InputDevice.h */ = {isa = PBXFileReference; fileEncoding = 4; lastKnownFileType = sourcecode.c.h; path = InputDevice.h; sourceTree = "<group>"; };
		032A161A12ABF3970046B89E /* InputDevice.mm */ = {isa = PBXFileReference; fileEncoding = 4; lastKnownFileType = sourcecode.cpp.objcpp; path = InputDevice.mm; sourceTree = "<group>"; };
		032A161D12ABF3970046B89E /* EAGLView.h */ = {isa = PBXFileReference; fileEncoding = 4; lastKnownFileType = sourcecode.c.h; path = EAGLView.h; sourceTree = "<group>"; };
		032A161E12ABF3970046B89E /* EAGLView.mm */ = {isa = PBXFileReference; fileEncoding = 4; lastKnownFileType = sourcecode.cpp.objcpp; path = EAGLView.mm; sourceTree = "<group>"; };
		032A162012ABF3970046B89E /* FacebookSubmitController.h */ = {isa = PBXFileReference; fileEncoding = 4; lastKnownFileType = sourcecode.c.h; path = FacebookSubmitController.h; sourceTree = "<group>"; };
		032A162112ABF3970046B89E /* FacebookSubmitController.m */ = {isa = PBXFileReference; fileEncoding = 4; lastKnownFileType = sourcecode.c.objc; path = FacebookSubmitController.m; sourceTree = "<group>"; };
		032A162212ABF3970046B89E /* FacebookSubmitController.xib */ = {isa = PBXFileReference; lastKnownFileType = file.xib; path = FacebookSubmitController.xib; sourceTree = "<group>"; };
		032A162412ABF3970046B89E /* Facebook.h */ = {isa = PBXFileReference; fileEncoding = 4; lastKnownFileType = sourcecode.c.h; path = Facebook.h; sourceTree = "<group>"; };
		032A162512ABF3970046B89E /* Facebook.m */ = {isa = PBXFileReference; fileEncoding = 4; lastKnownFileType = sourcecode.c.objc; path = Facebook.m; sourceTree = "<group>"; };
		032A162612ABF3970046B89E /* FBConnect.h */ = {isa = PBXFileReference; fileEncoding = 4; lastKnownFileType = sourcecode.c.h; path = FBConnect.h; sourceTree = "<group>"; };
		032A162712ABF3970046B89E /* FBDialog.bundle */ = {isa = PBXFileReference; lastKnownFileType = "wrapper.plug-in"; path = FBDialog.bundle; sourceTree = "<group>"; };
		032A162812ABF3970046B89E /* FBDialog.h */ = {isa = PBXFileReference; fileEncoding = 4; lastKnownFileType = sourcecode.c.h; path = FBDialog.h; sourceTree = "<group>"; };
		032A162912ABF3970046B89E /* FBDialog.m */ = {isa = PBXFileReference; fileEncoding = 4; lastKnownFileType = sourcecode.c.objc; path = FBDialog.m; sourceTree = "<group>"; };
		032A162A12ABF3970046B89E /* FBLoginDialog.h */ = {isa = PBXFileReference; fileEncoding = 4; lastKnownFileType = sourcecode.c.h; path = FBLoginDialog.h; sourceTree = "<group>"; };
		032A162B12ABF3970046B89E /* FBLoginDialog.m */ = {isa = PBXFileReference; fileEncoding = 4; lastKnownFileType = sourcecode.c.objc; path = FBLoginDialog.m; sourceTree = "<group>"; };
		032A162C12ABF3970046B89E /* FBRequest.h */ = {isa = PBXFileReference; fileEncoding = 4; lastKnownFileType = sourcecode.c.h; path = FBRequest.h; sourceTree = "<group>"; };
		032A162D12ABF3970046B89E /* FBRequest.m */ = {isa = PBXFileReference; fileEncoding = 4; lastKnownFileType = sourcecode.c.objc; path = FBRequest.m; sourceTree = "<group>"; };
		032A162F12ABF3970046B89E /* JSON.h */ = {isa = PBXFileReference; fileEncoding = 4; lastKnownFileType = sourcecode.c.h; path = JSON.h; sourceTree = "<group>"; };
		032A163012ABF3970046B89E /* NSObject+SBJSON.h */ = {isa = PBXFileReference; fileEncoding = 4; lastKnownFileType = sourcecode.c.h; path = "NSObject+SBJSON.h"; sourceTree = "<group>"; };
		032A163112ABF3970046B89E /* NSObject+SBJSON.m */ = {isa = PBXFileReference; fileEncoding = 4; lastKnownFileType = sourcecode.c.objc; path = "NSObject+SBJSON.m"; sourceTree = "<group>"; };
		032A163212ABF3970046B89E /* NSString+SBJSON.h */ = {isa = PBXFileReference; fileEncoding = 4; lastKnownFileType = sourcecode.c.h; path = "NSString+SBJSON.h"; sourceTree = "<group>"; };
		032A163312ABF3970046B89E /* NSString+SBJSON.m */ = {isa = PBXFileReference; fileEncoding = 4; lastKnownFileType = sourcecode.c.objc; path = "NSString+SBJSON.m"; sourceTree = "<group>"; };
		032A163412ABF3970046B89E /* SBJSON.h */ = {isa = PBXFileReference; fileEncoding = 4; lastKnownFileType = sourcecode.c.h; path = SBJSON.h; sourceTree = "<group>"; };
		032A163512ABF3970046B89E /* SBJSON.m */ = {isa = PBXFileReference; fileEncoding = 4; lastKnownFileType = sourcecode.c.objc; path = SBJSON.m; sourceTree = "<group>"; };
		032A163612ABF3970046B89E /* SBJsonBase.h */ = {isa = PBXFileReference; fileEncoding = 4; lastKnownFileType = sourcecode.c.h; path = SBJsonBase.h; sourceTree = "<group>"; };
		032A163712ABF3970046B89E /* SBJsonBase.m */ = {isa = PBXFileReference; fileEncoding = 4; lastKnownFileType = sourcecode.c.objc; path = SBJsonBase.m; sourceTree = "<group>"; };
		032A163812ABF3970046B89E /* SBJsonParser.h */ = {isa = PBXFileReference; fileEncoding = 4; lastKnownFileType = sourcecode.c.h; path = SBJsonParser.h; sourceTree = "<group>"; };
		032A163912ABF3970046B89E /* SBJsonParser.m */ = {isa = PBXFileReference; fileEncoding = 4; lastKnownFileType = sourcecode.c.objc; path = SBJsonParser.m; sourceTree = "<group>"; };
		032A163A12ABF3970046B89E /* SBJsonWriter.h */ = {isa = PBXFileReference; fileEncoding = 4; lastKnownFileType = sourcecode.c.h; path = SBJsonWriter.h; sourceTree = "<group>"; };
		032A163B12ABF3970046B89E /* SBJsonWriter.m */ = {isa = PBXFileReference; fileEncoding = 4; lastKnownFileType = sourcecode.c.objc; path = SBJsonWriter.m; sourceTree = "<group>"; };
		032A163C12ABF3970046B89E /* GameCenterManager.h */ = {isa = PBXFileReference; fileEncoding = 4; lastKnownFileType = sourcecode.c.h; path = GameCenterManager.h; sourceTree = "<group>"; };
		032A163D12ABF3970046B89E /* GameCenterManager.m */ = {isa = PBXFileReference; fileEncoding = 4; lastKnownFileType = sourcecode.c.objc; path = GameCenterManager.m; sourceTree = "<group>"; };
		032A163F12ABF3970046B89E /* MainViewController.h */ = {isa = PBXFileReference; fileEncoding = 4; lastKnownFileType = sourcecode.c.h; path = MainViewController.h; sourceTree = "<group>"; };
		032A164012ABF3970046B89E /* MainViewController.mm */ = {isa = PBXFileReference; fileEncoding = 4; lastKnownFileType = sourcecode.cpp.objcpp; path = MainViewController.mm; sourceTree = "<group>"; };
		032A164112ABF3970046B89E /* MainViewController_landscape.xib */ = {isa = PBXFileReference; lastKnownFileType = file.xib; path = MainViewController_landscape.xib; sourceTree = "<group>"; };
		032A164212ABF3970046B89E /* MainViewController_portrait.xib */ = {isa = PBXFileReference; lastKnownFileType = file.xib; path = MainViewController_portrait.xib; sourceTree = "<group>"; };
		032A164312ABF3970046B89E /* MainWindow.xib */ = {isa = PBXFileReference; lastKnownFileType = file.xib; path = MainWindow.xib; sourceTree = "<group>"; };
		032A164412ABF3970046B89E /* MXAppDelegate.h */ = {isa = PBXFileReference; fileEncoding = 4; lastKnownFileType = sourcecode.c.h; path = MXAppDelegate.h; sourceTree = "<group>"; };
		032A164512ABF3970046B89E /* MXAppDelegate.mm */ = {isa = PBXFileReference; fileEncoding = 4; lastKnownFileType = sourcecode.cpp.objcpp; path = MXAppDelegate.mm; sourceTree = "<group>"; };
		032A164712ABF3970046B89E /* RenderableManager.h */ = {isa = PBXFileReference; fileEncoding = 4; lastKnownFileType = sourcecode.c.h; path = RenderableManager.h; sourceTree = "<group>"; };
		032A164812ABF3970046B89E /* RenderableManager.mm */ = {isa = PBXFileReference; fileEncoding = 4; lastKnownFileType = sourcecode.cpp.objcpp; path = RenderableManager.mm; sourceTree = "<group>"; };
		032A164912ABF3970046B89E /* TextureManager.h */ = {isa = PBXFileReference; fileEncoding = 4; lastKnownFileType = sourcecode.c.h; path = TextureManager.h; sourceTree = "<group>"; };
		032A164A12ABF3970046B89E /* TextureManager.mm */ = {isa = PBXFileReference; fileEncoding = 4; lastKnownFileType = sourcecode.cpp.objcpp; path = TextureManager.mm; sourceTree = "<group>"; };
		032A164C12ABF3970046B89E /* Scene.h */ = {isa = PBXFileReference; fileEncoding = 4; lastKnownFileType = sourcecode.c.h; path = Scene.h; sourceTree = "<group>"; };
		032A164D12ABF3970046B89E /* Scene.mm */ = {isa = PBXFileReference; fileEncoding = 4; lastKnownFileType = sourcecode.cpp.objcpp; path = Scene.mm; sourceTree = "<group>"; };
		032A164F12ABF3970046B89E /* Timer.h */ = {isa = PBXFileReference; fileEncoding = 4; lastKnownFileType = sourcecode.c.h; path = Timer.h; sourceTree = "<group>"; };
		032A165012ABF3970046B89E /* Timer.mm */ = {isa = PBXFileReference; fileEncoding = 4; lastKnownFileType = sourcecode.cpp.objcpp; path = Timer.mm; sourceTree = "<group>"; };
		032A165112ABF3970046B89E /* util.cpp */ = {isa = PBXFileReference; fileEncoding = 4; lastKnownFileType = sourcecode.cpp.cpp; path = util.cpp; sourceTree = "<group>"; };
		032A165212ABF3970046B89E /* util.h */ = {isa = PBXFileReference; fileEncoding = 4; lastKnownFileType = sourcecode.c.h; path = util.h; sourceTree = "<group>"; };
		032A165512ABF3970046B89E /* Actions.h */ = {isa = PBXFileReference; fileEncoding = 4; lastKnownFileType = sourcecode.c.h; path = Actions.h; sourceTree = "<group>"; };
		032A165612ABF3970046B89E /* ActionSystem.h */ = {isa = PBXFileReference; fileEncoding = 4; lastKnownFileType = sourcecode.c.h; path = ActionSystem.h; sourceTree = "<group>"; };
		032A165712ABF3970046B89E /* ActionSystem.mm */ = {isa = PBXFileReference; fileEncoding = 4; lastKnownFileType = sourcecode.cpp.objcpp; path = ActionSystem.mm; sourceTree = "<group>"; };
		032A165912ABF3970046B89E /* AnimationSystem.h */ = {isa = PBXFileReference; fileEncoding = 4; lastKnownFileType = sourcecode.c.h; path = AnimationSystem.h; sourceTree = "<group>"; };
		032A165A12ABF3970046B89E /* AnimationSystem.mm */ = {isa = PBXFileReference; fileEncoding = 4; lastKnownFileType = sourcecode.cpp.objcpp; path = AnimationSystem.mm; sourceTree = "<group>"; };
		032A165C12ABF3970046B89E /* AttachmentSystem.h */ = {isa = PBXFileReference; fileEncoding = 4; lastKnownFileType = sourcecode.c.h; path = AttachmentSystem.h; sourceTree = "<group>"; };
		032A165D12ABF3970046B89E /* AttachmentSystem.mm */ = {isa = PBXFileReference; fileEncoding = 4; lastKnownFileType = sourcecode.cpp.objcpp; path = AttachmentSystem.mm; sourceTree = "<group>"; };
		032A165F12ABF3970046B89E /* CorpseRetrievalSystem.h */ = {isa = PBXFileReference; fileEncoding = 4; lastKnownFileType = sourcecode.c.h; path = CorpseRetrievalSystem.h; sourceTree = "<group>"; };
		032A166012ABF3970046B89E /* CorpseRetrievalSystem.mm */ = {isa = PBXFileReference; fileEncoding = 4; lastKnownFileType = sourcecode.cpp.objcpp; path = CorpseRetrievalSystem.mm; sourceTree = "<group>"; };
		032A166212ABF3970046B89E /* MovementSystem.h */ = {isa = PBXFileReference; fileEncoding = 4; lastKnownFileType = sourcecode.c.h; path = MovementSystem.h; sourceTree = "<group>"; };
		032A166312ABF3970046B89E /* MovementSystem.mm */ = {isa = PBXFileReference; fileEncoding = 4; lastKnownFileType = sourcecode.cpp.objcpp; path = MovementSystem.mm; sourceTree = "<group>"; };
		032A166512ABF3970046B89E /* ParticleSystem.h */ = {isa = PBXFileReference; fileEncoding = 4; lastKnownFileType = sourcecode.c.h; path = ParticleSystem.h; sourceTree = "<group>"; };
		032A166612ABF3970046B89E /* ParticleSystem.mm */ = {isa = PBXFileReference; fileEncoding = 4; lastKnownFileType = sourcecode.cpp.objcpp; path = ParticleSystem.mm; sourceTree = "<group>"; };
		032A166812ABF3970046B89E /* RenderSystem.h */ = {isa = PBXFileReference; fileEncoding = 4; lastKnownFileType = sourcecode.c.h; path = RenderSystem.h; sourceTree = "<group>"; };
		032A166912ABF3970046B89E /* RenderSystem.mm */ = {isa = PBXFileReference; fileEncoding = 4; lastKnownFileType = sourcecode.cpp.objcpp; path = RenderSystem.mm; sourceTree = "<group>"; };
		032A166B12ABF3970046B89E /* SoundSystem.h */ = {isa = PBXFileReference; fileEncoding = 4; lastKnownFileType = sourcecode.c.h; path = SoundSystem.h; sourceTree = "<group>"; };
		032A166C12ABF3970046B89E /* SoundSystem.mm */ = {isa = PBXFileReference; fileEncoding = 4; lastKnownFileType = sourcecode.cpp.objcpp; path = SoundSystem.mm; sourceTree = "<group>"; };
		032A166D12ABF3970046B89E /* types.h */ = {isa = PBXFileReference; fileEncoding = 4; lastKnownFileType = sourcecode.c.h; path = types.h; sourceTree = "<group>"; };
		032A195712AC72750046B89E /* README */ = {isa = PBXFileReference; fileEncoding = 4; lastKnownFileType = text; path = README; sourceTree = "<group>"; };
		032A195A12AC72900046B89E /* GameKit.framework */ = {isa = PBXFileReference; lastKnownFileType = wrapper.framework; name = GameKit.framework; path = System/Library/Frameworks/GameKit.framework; sourceTree = SDKROOT; };
		03B8431B12A80233008D6D25 /* AppController.h */ = {isa = PBXFileReference; fileEncoding = 4; lastKnownFileType = sourcecode.c.h; path = AppController.h; sourceTree = "<group>"; };
		03B8431C12A80233008D6D25 /* AppController.m */ = {isa = PBXFileReference; fileEncoding = 4; lastKnownFileType = sourcecode.c.objc; path = AppController.m; sourceTree = "<group>"; };
		03B8431D12A80233008D6D25 /* SystemConfig.h */ = {isa = PBXFileReference; fileEncoding = 4; lastKnownFileType = sourcecode.c.h; path = SystemConfig.h; sourceTree = "<group>"; };
		03B8432312A8026D008D6D25 /* AVFoundation.framework */ = {isa = PBXFileReference; lastKnownFileType = wrapper.framework; name = AVFoundation.framework; path = System/Library/Frameworks/AVFoundation.framework; sourceTree = SDKROOT; };
		03B8432512A8026D008D6D25 /* OpenAL.framework */ = {isa = PBXFileReference; lastKnownFileType = wrapper.framework; name = OpenAL.framework; path = System/Library/Frameworks/OpenAL.framework; sourceTree = SDKROOT; };
		03B8432712A8026D008D6D25 /* OpenGLES.framework */ = {isa = PBXFileReference; lastKnownFileType = wrapper.framework; name = OpenGLES.framework; path = System/Library/Frameworks/OpenGLES.framework; sourceTree = SDKROOT; };
		03B8432912A8026D008D6D25 /* QuartzCore.framework */ = {isa = PBXFileReference; lastKnownFileType = wrapper.framework; name = QuartzCore.framework; path = System/Library/Frameworks/QuartzCore.framework; sourceTree = SDKROOT; };
		03B8432B12A8026D008D6D25 /* libz.dylib */ = {isa = PBXFileReference; lastKnownFileType = "compiled.mach-o.dylib"; name = libz.dylib; path = usr/lib/libz.dylib; sourceTree = SDKROOT; };
		03B8434712A802A7008D6D25 /* HUDSystem.h */ = {isa = PBXFileReference; fileEncoding = 4; lastKnownFileType = sourcecode.c.h; path = HUDSystem.h; sourceTree = "<group>"; };
		03B8434812A802A7008D6D25 /* HUDSystem.mm */ = {isa = PBXFileReference; fileEncoding = 4; lastKnownFileType = sourcecode.cpp.objcpp; path = HUDSystem.mm; sourceTree = "<group>"; };
		03B8434A12A802A7008D6D25 /* GameLogicSystem.h */ = {isa = PBXFileReference; fileEncoding = 4; lastKnownFileType = sourcecode.c.h; path = GameLogicSystem.h; sourceTree = "<group>"; };
		03B8434B12A802A7008D6D25 /* GameLogicSystem.mm */ = {isa = PBXFileReference; fileEncoding = 4; lastKnownFileType = sourcecode.cpp.objcpp; path = GameLogicSystem.mm; sourceTree = "<group>"; };
		03B8434D12A802A7008D6D25 /* PlayerControlledSystem.h */ = {isa = PBXFileReference; fileEncoding = 4; lastKnownFileType = sourcecode.c.h; path = PlayerControlledSystem.h; sourceTree = "<group>"; };
		03B8434E12A802A7008D6D25 /* PlayerControlledSystem.mm */ = {isa = PBXFileReference; fileEncoding = 4; lastKnownFileType = sourcecode.cpp.objcpp; path = PlayerControlledSystem.mm; sourceTree = "<group>"; };
		03B8435012A802A7008D6D25 /* GameBoardSystem.h */ = {isa = PBXFileReference; fileEncoding = 4; lastKnownFileType = sourcecode.c.h; path = GameBoardSystem.h; sourceTree = "<group>"; };
		03B8435112A802A7008D6D25 /* GameBoardSystem.mm */ = {isa = PBXFileReference; fileEncoding = 4; lastKnownFileType = sourcecode.cpp.objcpp; path = GameBoardSystem.mm; sourceTree = "<group>"; };
		03B8435312A802A7008D6D25 /* GameComponents.h */ = {isa = PBXFileReference; fileEncoding = 4; lastKnownFileType = sourcecode.c.h; path = GameComponents.h; sourceTree = "<group>"; };
		03B8435412A802A7008D6D25 /* GameComponents.mm */ = {isa = PBXFileReference; fileEncoding = 4; lastKnownFileType = sourcecode.cpp.objcpp; path = GameComponents.mm; sourceTree = "<group>"; };
		03B8435A12A802A7008D6D25 /* Game.h */ = {isa = PBXFileReference; fileEncoding = 4; lastKnownFileType = sourcecode.c.h; path = Game.h; sourceTree = "<group>"; };
		03B8435B12A802A7008D6D25 /* Game.mm */ = {isa = PBXFileReference; fileEncoding = 4; lastKnownFileType = sourcecode.cpp.objcpp; path = Game.mm; sourceTree = "<group>"; };
		03B8435C12A802A7008D6D25 /* globals.h */ = {isa = PBXFileReference; fileEncoding = 4; lastKnownFileType = sourcecode.c.h; path = globals.h; sourceTree = "<group>"; };
		03B8435D12A802A7008D6D25 /* globals.mm */ = {isa = PBXFileReference; fileEncoding = 4; lastKnownFileType = sourcecode.cpp.objcpp; path = globals.mm; sourceTree = "<group>"; };
		03B8436F12A802CC008D6D25 /* AudioToolbox.framework */ = {isa = PBXFileReference; lastKnownFileType = wrapper.framework; name = AudioToolbox.framework; path = System/Library/Frameworks/AudioToolbox.framework; sourceTree = SDKROOT; };
		03D33B7512A915AC00587E92 /* MenuScene.h */ = {isa = PBXFileReference; fileEncoding = 4; lastKnownFileType = sourcecode.c.h; path = MenuScene.h; sourceTree = "<group>"; };
		03D33B7612A915AC00587E92 /* MenuScene.mm */ = {isa = PBXFileReference; fileEncoding = 4; lastKnownFileType = sourcecode.cpp.objcpp; path = MenuScene.mm; sourceTree = "<group>"; };
		03D33B7812A915AC00587E92 /* GameScene.h */ = {isa = PBXFileReference; fileEncoding = 4; lastKnownFileType = sourcecode.c.h; path = GameScene.h; sourceTree = "<group>"; };
		03D33B7912A915AC00587E92 /* GameScene.mm */ = {isa = PBXFileReference; fileEncoding = 4; lastKnownFileType = sourcecode.cpp.objcpp; path = GameScene.mm; sourceTree = "<group>"; };
		1D30AB110D05D00D00671497 /* Foundation.framework */ = {isa = PBXFileReference; lastKnownFileType = wrapper.framework; name = Foundation.framework; path = System/Library/Frameworks/Foundation.framework; sourceTree = SDKROOT; };
		1D6058910D05DD3D006BFB54 /* Framework.app */ = {isa = PBXFileReference; explicitFileType = wrapper.application; includeInIndex = 0; path = Framework.app; sourceTree = BUILT_PRODUCTS_DIR; };
		1DF5F4DF0D08C38300B7A737 /* UIKit.framework */ = {isa = PBXFileReference; lastKnownFileType = wrapper.framework; name = UIKit.framework; path = System/Library/Frameworks/UIKit.framework; sourceTree = SDKROOT; };
		288765FC0DF74451002DB57D /* CoreGraphics.framework */ = {isa = PBXFileReference; lastKnownFileType = wrapper.framework; name = CoreGraphics.framework; path = System/Library/Frameworks/CoreGraphics.framework; sourceTree = SDKROOT; };
		29B97316FDCFA39411CA2CEA /* main.m */ = {isa = PBXFileReference; fileEncoding = 4; lastKnownFileType = sourcecode.c.objc; path = main.m; sourceTree = "<group>"; };
		32CA4F630368D1EE00C91783 /* Framework_Prefix.pch */ = {isa = PBXFileReference; fileEncoding = 4; lastKnownFileType = sourcecode.c.h; path = Framework_Prefix.pch; sourceTree = "<group>"; };
		8D1107310486CEB800E47090 /* Framework-Info.plist */ = {isa = PBXFileReference; fileEncoding = 4; lastKnownFileType = text.plist.xml; path = "Framework-Info.plist"; plistStructureDefinitionIdentifier = "com.apple.xcode.plist.structure-definition.iphone.info-plist"; sourceTree = "<group>"; };
/* End PBXFileReference section */

/* Begin PBXFrameworksBuildPhase section */
		1D60588F0D05DD3D006BFB54 /* Frameworks */ = {
			isa = PBXFrameworksBuildPhase;
			buildActionMask = 2147483647;
			files = (
				1D60589F0D05DD5A006BFB54 /* Foundation.framework in Frameworks */,
				1DF5F4E00D08C38300B7A737 /* UIKit.framework in Frameworks */,
				288765FD0DF74451002DB57D /* CoreGraphics.framework in Frameworks */,
				03B8432412A8026D008D6D25 /* AVFoundation.framework in Frameworks */,
				03B8432612A8026D008D6D25 /* OpenAL.framework in Frameworks */,
				03B8432812A8026D008D6D25 /* OpenGLES.framework in Frameworks */,
				03B8432A12A8026D008D6D25 /* QuartzCore.framework in Frameworks */,
				03B8432C12A8026D008D6D25 /* libz.dylib in Frameworks */,
				03B8437012A802CC008D6D25 /* AudioToolbox.framework in Frameworks */,
				032A195B12AC72900046B89E /* GameKit.framework in Frameworks */,
			);
			runOnlyForDeploymentPostprocessing = 0;
		};
/* End PBXFrameworksBuildPhase section */

/* Begin PBXGroup section */
		032A15DD12ABF3970046B89E /* ComponentV3 */ = {
			isa = PBXGroup;
			children = (
				032A15DE12ABF3970046B89E /* Components */,
				032A15E112ABF3970046B89E /* ComponentV3.h */,
				032A15E212ABF3970046B89E /* Entity */,
				032A15E512ABF3970046B89E /* Entity Manager */,
				032A15E812ABF3970046B89E /* Runtime */,
				032A165312ABF3970046B89E /* Systems */,
				032A166D12ABF3970046B89E /* types.h */,
			);
			path = ComponentV3;
			sourceTree = "<group>";
		};
		032A15DE12ABF3970046B89E /* Components */ = {
			isa = PBXGroup;
			children = (
				032A15DF12ABF3970046B89E /* Component.h */,
				032A15E012ABF3970046B89E /* Component.mm */,
			);
			path = Components;
			sourceTree = "<group>";
		};
		032A15E212ABF3970046B89E /* Entity */ = {
			isa = PBXGroup;
			children = (
				032A15E312ABF3970046B89E /* Entity.h */,
				032A15E412ABF3970046B89E /* Entity.mm */,
			);
			path = Entity;
			sourceTree = "<group>";
		};
		032A15E512ABF3970046B89E /* Entity Manager */ = {
			isa = PBXGroup;
			children = (
				032A15E612ABF3970046B89E /* EntityManager.h */,
				032A15E712ABF3970046B89E /* EntityManager.mm */,
			);
			path = "Entity Manager";
			sourceTree = "<group>";
		};
		032A15E812ABF3970046B89E /* Runtime */ = {
			isa = PBXGroup;
			children = (
				032A15E912ABF3970046B89E /* Audio */,
				032A15F412ABF3970046B89E /* Graphics */,
				032A161812ABF3970046B89E /* Input */,
				032A161B12ABF3970046B89E /* Platforms */,
				032A164612ABF3970046B89E /* Resource Managers */,
				032A164B12ABF3970046B89E /* Scene */,
				032A164E12ABF3970046B89E /* Util */,
			);
			path = Runtime;
			sourceTree = "<group>";
		};
		032A15E912ABF3970046B89E /* Audio */ = {
			isa = PBXGroup;
			children = (
				032A15EA12ABF3970046B89E /* CocosDenshion */,
			);
			path = Audio;
			sourceTree = "<group>";
		};
		032A15EA12ABF3970046B89E /* CocosDenshion */ = {
			isa = PBXGroup;
			children = (
				032A15EB12ABF3970046B89E /* CDAudioManager.h */,
				032A15EC12ABF3970046B89E /* CDAudioManager.m */,
				032A15ED12ABF3970046B89E /* CDConfig.h */,
				032A15EE12ABF3970046B89E /* CDOpenALSupport.h */,
				032A15EF12ABF3970046B89E /* CDOpenALSupport.m */,
				032A15F012ABF3970046B89E /* CocosDenshion.h */,
				032A15F112ABF3970046B89E /* CocosDenshion.m */,
				032A15F212ABF3970046B89E /* SimpleAudioEngine.h */,
				032A15F312ABF3970046B89E /* SimpleAudioEngine.m */,
			);
			path = CocosDenshion;
			sourceTree = "<group>";
		};
		032A15F412ABF3970046B89E /* Graphics */ = {
			isa = PBXGroup;
			children = (
				032A15F512ABF3970046B89E /* Font */,
				032A15F812ABF3970046B89E /* Particle */,
				032A160712ABF3970046B89E /* RenderDevice.h */,
				032A160812ABF3970046B89E /* RenderDevice.mm */,
				032A160912ABF3970046B89E /* SOIL_iPhone */,
				032A161412ABF3970046B89E /* Texture2D.h */,
				032A161512ABF3970046B89E /* Texture2D.mm */,
				032A161612ABF3970046B89E /* TexturedQuad.h */,
				032A161712ABF3970046B89E /* TexturedQuad.mm */,
			);
			path = Graphics;
			sourceTree = "<group>";
		};
		032A15F512ABF3970046B89E /* Font */ = {
			isa = PBXGroup;
			children = (
				032A15F612ABF3970046B89E /* bm_font.h */,
				032A15F712ABF3970046B89E /* bm_font.mm */,
			);
			path = Font;
			sourceTree = "<group>";
		};
		032A15F812ABF3970046B89E /* Particle */ = {
			isa = PBXGroup;
			children = (
				032A15F912ABF3970046B89E /* Global.h */,
				032A15FA12ABF3970046B89E /* OBJCTexture2D.h */,
				032A15FB12ABF3970046B89E /* OBJCTexture2D.mm */,
				032A15FC12ABF3970046B89E /* Particle Emitter */,
				032A160112ABF3970046B89E /* Structures.h */,
				032A160212ABF3970046B89E /* TBXML */,
			);
			path = Particle;
			sourceTree = "<group>";
		};
		032A15FC12ABF3970046B89E /* Particle Emitter */ = {
			isa = PBXGroup;
			children = (
				032A15FD12ABF3970046B89E /* ParticleEmitter.h */,
				032A15FE12ABF3970046B89E /* ParticleEmitter.mm */,
				032A15FF12ABF3970046B89E /* TBXMLParticleAdditions.h */,
				032A160012ABF3970046B89E /* TBXMLParticleAdditions.m */,
			);
			path = "Particle Emitter";
			sourceTree = "<group>";
		};
		032A160212ABF3970046B89E /* TBXML */ = {
			isa = PBXGroup;
			children = (
				032A160312ABF3970046B89E /* NSDataAdditions.h */,
				032A160412ABF3970046B89E /* NSDataAdditions.m */,
				032A160512ABF3970046B89E /* TBXML.h */,
				032A160612ABF3970046B89E /* TBXML.m */,
			);
			path = TBXML;
			sourceTree = "<group>";
		};
		032A160912ABF3970046B89E /* SOIL_iPhone */ = {
			isa = PBXGroup;
			children = (
				032A160A12ABF3970046B89E /* image_DXT.h */,
				032A160B12ABF3970046B89E /* image_DXT.mm */,
				032A160C12ABF3970046B89E /* image_helper.h */,
				032A160D12ABF3970046B89E /* image_helper.mm */,
				032A160E12ABF3970046B89E /* SOIL.h */,
				032A160F12ABF3970046B89E /* SOIL.mm */,
				032A161012ABF3970046B89E /* stb_image_aug.h */,
				032A161112ABF3970046B89E /* stb_image_aug.mm */,
				032A161212ABF3970046B89E /* stbi_DDS_aug.h */,
				032A161312ABF3970046B89E /* stbi_DDS_aug_c.h */,
			);
			path = SOIL_iPhone;
			sourceTree = "<group>";
		};
		032A161812ABF3970046B89E /* Input */ = {
			isa = PBXGroup;
			children = (
				032A161912ABF3970046B89E /* InputDevice.h */,
				032A161A12ABF3970046B89E /* InputDevice.mm */,
			);
			path = Input;
			sourceTree = "<group>";
		};
		032A161B12ABF3970046B89E /* Platforms */ = {
			isa = PBXGroup;
			children = (
				032A161C12ABF3970046B89E /* iOS */,
			);
			path = Platforms;
			sourceTree = "<group>";
		};
		032A161C12ABF3970046B89E /* iOS */ = {
			isa = PBXGroup;
			children = (
				032A161D12ABF3970046B89E /* EAGLView.h */,
				032A161E12ABF3970046B89E /* EAGLView.mm */,
				032A161F12ABF3970046B89E /* Facebook Sumbit Controller */,
				032A162312ABF3970046B89E /* FBConnect */,
				032A163C12ABF3970046B89E /* GameCenterManager.h */,
				032A163D12ABF3970046B89E /* GameCenterManager.m */,
				032A163E12ABF3970046B89E /* Main View Controller */,
				032A164312ABF3970046B89E /* MainWindow.xib */,
				032A164412ABF3970046B89E /* MXAppDelegate.h */,
				032A164512ABF3970046B89E /* MXAppDelegate.mm */,
			);
			path = iOS;
			sourceTree = "<group>";
		};
		032A161F12ABF3970046B89E /* Facebook Sumbit Controller */ = {
			isa = PBXGroup;
			children = (
				032A162012ABF3970046B89E /* FacebookSubmitController.h */,
				032A162112ABF3970046B89E /* FacebookSubmitController.m */,
				032A162212ABF3970046B89E /* FacebookSubmitController.xib */,
			);
			path = "Facebook Sumbit Controller";
			sourceTree = "<group>";
		};
		032A162312ABF3970046B89E /* FBConnect */ = {
			isa = PBXGroup;
			children = (
				032A162412ABF3970046B89E /* Facebook.h */,
				032A162512ABF3970046B89E /* Facebook.m */,
				032A162612ABF3970046B89E /* FBConnect.h */,
				032A162712ABF3970046B89E /* FBDialog.bundle */,
				032A162812ABF3970046B89E /* FBDialog.h */,
				032A162912ABF3970046B89E /* FBDialog.m */,
				032A162A12ABF3970046B89E /* FBLoginDialog.h */,
				032A162B12ABF3970046B89E /* FBLoginDialog.m */,
				032A162C12ABF3970046B89E /* FBRequest.h */,
				032A162D12ABF3970046B89E /* FBRequest.m */,
				032A162E12ABF3970046B89E /* JSON */,
			);
			path = FBConnect;
			sourceTree = "<group>";
		};
		032A162E12ABF3970046B89E /* JSON */ = {
			isa = PBXGroup;
			children = (
				032A162F12ABF3970046B89E /* JSON.h */,
				032A163012ABF3970046B89E /* NSObject+SBJSON.h */,
				032A163112ABF3970046B89E /* NSObject+SBJSON.m */,
				032A163212ABF3970046B89E /* NSString+SBJSON.h */,
				032A163312ABF3970046B89E /* NSString+SBJSON.m */,
				032A163412ABF3970046B89E /* SBJSON.h */,
				032A163512ABF3970046B89E /* SBJSON.m */,
				032A163612ABF3970046B89E /* SBJsonBase.h */,
				032A163712ABF3970046B89E /* SBJsonBase.m */,
				032A163812ABF3970046B89E /* SBJsonParser.h */,
				032A163912ABF3970046B89E /* SBJsonParser.m */,
				032A163A12ABF3970046B89E /* SBJsonWriter.h */,
				032A163B12ABF3970046B89E /* SBJsonWriter.m */,
			);
			path = JSON;
			sourceTree = "<group>";
		};
		032A163E12ABF3970046B89E /* Main View Controller */ = {
			isa = PBXGroup;
			children = (
				032A163F12ABF3970046B89E /* MainViewController.h */,
				032A164012ABF3970046B89E /* MainViewController.mm */,
				032A164112ABF3970046B89E /* MainViewController_landscape.xib */,
				032A164212ABF3970046B89E /* MainViewController_portrait.xib */,
			);
			path = "Main View Controller";
			sourceTree = "<group>";
		};
		032A164612ABF3970046B89E /* Resource Managers */ = {
			isa = PBXGroup;
			children = (
				032A164712ABF3970046B89E /* RenderableManager.h */,
				032A164812ABF3970046B89E /* RenderableManager.mm */,
				032A164912ABF3970046B89E /* TextureManager.h */,
				032A164A12ABF3970046B89E /* TextureManager.mm */,
			);
			path = "Resource Managers";
			sourceTree = "<group>";
		};
		032A164B12ABF3970046B89E /* Scene */ = {
			isa = PBXGroup;
			children = (
				032A164C12ABF3970046B89E /* Scene.h */,
				032A164D12ABF3970046B89E /* Scene.mm */,
			);
			path = Scene;
			sourceTree = "<group>";
		};
		032A164E12ABF3970046B89E /* Util */ = {
			isa = PBXGroup;
			children = (
				032A164F12ABF3970046B89E /* Timer.h */,
				032A165012ABF3970046B89E /* Timer.mm */,
				032A165112ABF3970046B89E /* util.cpp */,
				032A165212ABF3970046B89E /* util.h */,
			);
			path = Util;
			sourceTree = "<group>";
		};
		032A165312ABF3970046B89E /* Systems */ = {
			isa = PBXGroup;
			children = (
				032A165412ABF3970046B89E /* Action System */,
				032A165812ABF3970046B89E /* Animation System */,
				032A165B12ABF3970046B89E /* Attachment System */,
				032A165E12ABF3970046B89E /* Corpse Retrieval System */,
				032A166112ABF3970046B89E /* Movement System */,
				032A166412ABF3970046B89E /* Particle System */,
				032A166712ABF3970046B89E /* Render System */,
				032A166A12ABF3970046B89E /* Sound System */,
			);
			path = Systems;
			sourceTree = "<group>";
		};
		032A165412ABF3970046B89E /* Action System */ = {
			isa = PBXGroup;
			children = (
				032A165512ABF3970046B89E /* Actions.h */,
				032A165612ABF3970046B89E /* ActionSystem.h */,
				032A165712ABF3970046B89E /* ActionSystem.mm */,
			);
			path = "Action System";
			sourceTree = "<group>";
		};
		032A165812ABF3970046B89E /* Animation System */ = {
			isa = PBXGroup;
			children = (
				032A165912ABF3970046B89E /* AnimationSystem.h */,
				032A165A12ABF3970046B89E /* AnimationSystem.mm */,
			);
			path = "Animation System";
			sourceTree = "<group>";
		};
		032A165B12ABF3970046B89E /* Attachment System */ = {
			isa = PBXGroup;
			children = (
				032A165C12ABF3970046B89E /* AttachmentSystem.h */,
				032A165D12ABF3970046B89E /* AttachmentSystem.mm */,
			);
			path = "Attachment System";
			sourceTree = "<group>";
		};
		032A165E12ABF3970046B89E /* Corpse Retrieval System */ = {
			isa = PBXGroup;
			children = (
				032A165F12ABF3970046B89E /* CorpseRetrievalSystem.h */,
				032A166012ABF3970046B89E /* CorpseRetrievalSystem.mm */,
			);
			path = "Corpse Retrieval System";
			sourceTree = "<group>";
		};
		032A166112ABF3970046B89E /* Movement System */ = {
			isa = PBXGroup;
			children = (
				032A166212ABF3970046B89E /* MovementSystem.h */,
				032A166312ABF3970046B89E /* MovementSystem.mm */,
			);
			path = "Movement System";
			sourceTree = "<group>";
		};
		032A166412ABF3970046B89E /* Particle System */ = {
			isa = PBXGroup;
			children = (
				032A166512ABF3970046B89E /* ParticleSystem.h */,
				032A166612ABF3970046B89E /* ParticleSystem.mm */,
			);
			path = "Particle System";
			sourceTree = "<group>";
		};
		032A166712ABF3970046B89E /* Render System */ = {
			isa = PBXGroup;
			children = (
				032A166812ABF3970046B89E /* RenderSystem.h */,
				032A166912ABF3970046B89E /* RenderSystem.mm */,
			);
			path = "Render System";
			sourceTree = "<group>";
		};
		032A166A12ABF3970046B89E /* Sound System */ = {
			isa = PBXGroup;
			children = (
				032A166B12ABF3970046B89E /* SoundSystem.h */,
				032A166C12ABF3970046B89E /* SoundSystem.mm */,
			);
			path = "Sound System";
			sourceTree = "<group>";
		};
		03B8431A12A80233008D6D25 /* Game */ = {
			isa = PBXGroup;
			children = (
				03D33B7312A915AC00587E92 /* Scenes */,
				03B8435C12A802A7008D6D25 /* globals.h */,
				03B8435D12A802A7008D6D25 /* globals.mm */,
				03B8435912A802A7008D6D25 /* GAME LOOP + CO */,
				03B8435512A802A7008D6D25 /* Game Objects */,
				03B8435212A802A7008D6D25 /* Game Components */,
				03B8434512A802A7008D6D25 /* Game Systems */,
				03B8431B12A80233008D6D25 /* AppController.h */,
				03B8431C12A80233008D6D25 /* AppController.m */,
				03B8431D12A80233008D6D25 /* SystemConfig.h */,
			);
			path = Game;
			sourceTree = "<group>";
		};
		03B8434512A802A7008D6D25 /* Game Systems */ = {
			isa = PBXGroup;
			children = (
				03B8434F12A802A7008D6D25 /* GameBoardSystem */,
				03B8434C12A802A7008D6D25 /* Player Control System */,
				03B8434912A802A7008D6D25 /* Game Logic System */,
				03B8434612A802A7008D6D25 /* HUD System */,
			);
			name = "Game Systems";
			sourceTree = "<group>";
		};
		03B8434612A802A7008D6D25 /* HUD System */ = {
			isa = PBXGroup;
			children = (
				03B8434712A802A7008D6D25 /* HUDSystem.h */,
				03B8434812A802A7008D6D25 /* HUDSystem.mm */,
			);
			name = "HUD System";
			sourceTree = "<group>";
		};
		03B8434912A802A7008D6D25 /* Game Logic System */ = {
			isa = PBXGroup;
			children = (
				03B8434A12A802A7008D6D25 /* GameLogicSystem.h */,
				03B8434B12A802A7008D6D25 /* GameLogicSystem.mm */,
			);
			name = "Game Logic System";
			sourceTree = "<group>";
		};
		03B8434C12A802A7008D6D25 /* Player Control System */ = {
			isa = PBXGroup;
			children = (
				03B8434D12A802A7008D6D25 /* PlayerControlledSystem.h */,
				03B8434E12A802A7008D6D25 /* PlayerControlledSystem.mm */,
			);
			name = "Player Control System";
			sourceTree = "<group>";
		};
		03B8434F12A802A7008D6D25 /* GameBoardSystem */ = {
			isa = PBXGroup;
			children = (
				03B8435012A802A7008D6D25 /* GameBoardSystem.h */,
				03B8435112A802A7008D6D25 /* GameBoardSystem.mm */,
			);
			name = GameBoardSystem;
			sourceTree = "<group>";
		};
		03B8435212A802A7008D6D25 /* Game Components */ = {
			isa = PBXGroup;
			children = (
				03B8435312A802A7008D6D25 /* GameComponents.h */,
				03B8435412A802A7008D6D25 /* GameComponents.mm */,
			);
			name = "Game Components";
			sourceTree = "<group>";
		};
		03B8435512A802A7008D6D25 /* Game Objects */ = {
			isa = PBXGroup;
			children = (
			);
			name = "Game Objects";
			sourceTree = "<group>";
		};
		03B8435912A802A7008D6D25 /* GAME LOOP + CO */ = {
			isa = PBXGroup;
			children = (
				03B8435A12A802A7008D6D25 /* Game.h */,
				03B8435B12A802A7008D6D25 /* Game.mm */,
			);
			name = "GAME LOOP + CO";
			sourceTree = "<group>";
		};
		03D33B7312A915AC00587E92 /* Scenes */ = {
			isa = PBXGroup;
			children = (
				03D33B7712A915AC00587E92 /* GameScene */,
				03D33B7412A915AC00587E92 /* MenuScene */,
			);
			name = Scenes;
			sourceTree = "<group>";
		};
		03D33B7412A915AC00587E92 /* MenuScene */ = {
			isa = PBXGroup;
			children = (
				03D33B7512A915AC00587E92 /* MenuScene.h */,
				03D33B7612A915AC00587E92 /* MenuScene.mm */,
			);
			name = MenuScene;
			sourceTree = "<group>";
		};
		03D33B7712A915AC00587E92 /* GameScene */ = {
			isa = PBXGroup;
			children = (
				03D33B7812A915AC00587E92 /* GameScene.h */,
				03D33B7912A915AC00587E92 /* GameScene.mm */,
			);
			name = GameScene;
			sourceTree = "<group>";
		};
		080E96DDFE201D6D7F000001 /* Classes */ = {
			isa = PBXGroup;
			children = (
				032A15DD12ABF3970046B89E /* ComponentV3 */,
				03B8431A12A80233008D6D25 /* Game */,
			);
			path = Classes;
			sourceTree = "<group>";
		};
		19C28FACFE9D520D11CA2CBB /* Products */ = {
			isa = PBXGroup;
			children = (
				1D6058910D05DD3D006BFB54 /* Framework.app */,
			);
			name = Products;
			sourceTree = "<group>";
		};
		29B97314FDCFA39411CA2CEA /* CustomTemplate */ = {
			isa = PBXGroup;
			children = (
				032A195712AC72750046B89E /* README */,
				8D1107310486CEB800E47090 /* Framework-Info.plist */,
				080E96DDFE201D6D7F000001 /* Classes */,
				29B97315FDCFA39411CA2CEA /* Other Sources */,
				29B97317FDCFA39411CA2CEA /* Resources */,
				29B97323FDCFA39411CA2CEA /* Frameworks */,
				19C28FACFE9D520D11CA2CBB /* Products */,
			);
			name = CustomTemplate;
			sourceTree = "<group>";
		};
		29B97315FDCFA39411CA2CEA /* Other Sources */ = {
			isa = PBXGroup;
			children = (
				32CA4F630368D1EE00C91783 /* Framework_Prefix.pch */,
				29B97316FDCFA39411CA2CEA /* main.m */,
			);
			name = "Other Sources";
			sourceTree = "<group>";
		};
		29B97317FDCFA39411CA2CEA /* Resources */ = {
			isa = PBXGroup;
			children = (
				03251A5412A8050C00E2FA25 /* back.png */,
				03251A5512A8050C00E2FA25 /* zomg.fnt */,
				03251A5612A8050C00E2FA25 /* zomg.png */,
			);
			name = Resources;
			sourceTree = "<group>";
		};
		29B97323FDCFA39411CA2CEA /* Frameworks */ = {
			isa = PBXGroup;
			children = (
				1DF5F4DF0D08C38300B7A737 /* UIKit.framework */,
				1D30AB110D05D00D00671497 /* Foundation.framework */,
				288765FC0DF74451002DB57D /* CoreGraphics.framework */,
				03B8432312A8026D008D6D25 /* AVFoundation.framework */,
				03B8432512A8026D008D6D25 /* OpenAL.framework */,
				03B8432712A8026D008D6D25 /* OpenGLES.framework */,
				03B8432912A8026D008D6D25 /* QuartzCore.framework */,
				03B8432B12A8026D008D6D25 /* libz.dylib */,
				03B8436F12A802CC008D6D25 /* AudioToolbox.framework */,
				032A195A12AC72900046B89E /* GameKit.framework */,
			);
			name = Frameworks;
			sourceTree = "<group>";
		};
/* End PBXGroup section */

/* Begin PBXNativeTarget section */
		1D6058900D05DD3D006BFB54 /* Framework */ = {
			isa = PBXNativeTarget;
			buildConfigurationList = 1D6058960D05DD3E006BFB54 /* Build configuration list for PBXNativeTarget "Framework" */;
			buildPhases = (
				1D60588D0D05DD3D006BFB54 /* Resources */,
				1D60588E0D05DD3D006BFB54 /* Sources */,
				1D60588F0D05DD3D006BFB54 /* Frameworks */,
			);
			buildRules = (
			);
			dependencies = (
			);
			name = Framework;
			productName = Framework;
			productReference = 1D6058910D05DD3D006BFB54 /* Framework.app */;
			productType = "com.apple.product-type.application";
		};
/* End PBXNativeTarget section */

/* Begin PBXProject section */
		29B97313FDCFA39411CA2CEA /* Project object */ = {
			isa = PBXProject;
			buildConfigurationList = C01FCF4E08A954540054247B /* Build configuration list for PBXProject "Framework" */;
			compatibilityVersion = "Xcode 3.1";
			developmentRegion = English;
			hasScannedForEncodings = 1;
			knownRegions = (
				English,
				Japanese,
				French,
				German,
			);
			mainGroup = 29B97314FDCFA39411CA2CEA /* CustomTemplate */;
			projectDirPath = "";
			projectRoot = "";
			targets = (
				1D6058900D05DD3D006BFB54 /* Framework */,
			);
		};
/* End PBXProject section */

/* Begin PBXResourcesBuildPhase section */
		1D60588D0D05DD3D006BFB54 /* Resources */ = {
			isa = PBXResourcesBuildPhase;
			buildActionMask = 2147483647;
			files = (
				03251A5712A8050C00E2FA25 /* back.png in Resources */,
				03251A5812A8050C00E2FA25 /* zomg.fnt in Resources */,
				03251A5912A8050C00E2FA25 /* zomg.png in Resources */,
				032A168512ABF3970046B89E /* FacebookSubmitController.xib in Resources */,
				032A168712ABF3970046B89E /* FBDialog.bundle in Resources */,
				032A169312ABF3970046B89E /* MainViewController_landscape.xib in Resources */,
				032A169412ABF3970046B89E /* MainViewController_portrait.xib in Resources */,
				032A169512ABF3970046B89E /* MainWindow.xib in Resources */,
				032A195812AC72750046B89E /* README in Resources */,
			);
			runOnlyForDeploymentPostprocessing = 0;
		};
/* End PBXResourcesBuildPhase section */

/* Begin PBXSourcesBuildPhase section */
		1D60588E0D05DD3D006BFB54 /* Sources */ = {
			isa = PBXSourcesBuildPhase;
			buildActionMask = 2147483647;
			files = (
				1D60589B0D05DD56006BFB54 /* main.m in Sources */,
				03B8431E12A80233008D6D25 /* AppController.m in Sources */,
				03B8435E12A802A7008D6D25 /* HUDSystem.mm in Sources */,
				03B8435F12A802A7008D6D25 /* GameLogicSystem.mm in Sources */,
				03B8436012A802A7008D6D25 /* PlayerControlledSystem.mm in Sources */,
				03B8436112A802A7008D6D25 /* GameBoardSystem.mm in Sources */,
				03B8436212A802A7008D6D25 /* GameComponents.mm in Sources */,
				03B8436412A802A7008D6D25 /* Game.mm in Sources */,
				03B8436512A802A7008D6D25 /* globals.mm in Sources */,
				03D33B7A12A915AC00587E92 /* MenuScene.mm in Sources */,
				03D33B7B12A915AC00587E92 /* GameScene.mm in Sources */,
				032A166E12ABF3970046B89E /* Component.mm in Sources */,
				032A166F12ABF3970046B89E /* Entity.mm in Sources */,
				032A167012ABF3970046B89E /* EntityManager.mm in Sources */,
				032A167112ABF3970046B89E /* CDAudioManager.m in Sources */,
				032A167212ABF3970046B89E /* CDOpenALSupport.m in Sources */,
				032A167312ABF3970046B89E /* CocosDenshion.m in Sources */,
				032A167412ABF3970046B89E /* SimpleAudioEngine.m in Sources */,
				032A167512ABF3970046B89E /* bm_font.mm in Sources */,
				032A167612ABF3970046B89E /* OBJCTexture2D.mm in Sources */,
				032A167712ABF3970046B89E /* ParticleEmitter.mm in Sources */,
				032A167812ABF3970046B89E /* TBXMLParticleAdditions.m in Sources */,
				032A167912ABF3970046B89E /* NSDataAdditions.m in Sources */,
				032A167A12ABF3970046B89E /* TBXML.m in Sources */,
				032A167B12ABF3970046B89E /* RenderDevice.mm in Sources */,
				032A167C12ABF3970046B89E /* image_DXT.mm in Sources */,
				032A167D12ABF3970046B89E /* image_helper.mm in Sources */,
				032A167E12ABF3970046B89E /* SOIL.mm in Sources */,
				032A167F12ABF3970046B89E /* stb_image_aug.mm in Sources */,
				032A168012ABF3970046B89E /* Texture2D.mm in Sources */,
				032A168112ABF3970046B89E /* TexturedQuad.mm in Sources */,
				032A168212ABF3970046B89E /* InputDevice.mm in Sources */,
				032A168312ABF3970046B89E /* EAGLView.mm in Sources */,
				032A168412ABF3970046B89E /* FacebookSubmitController.m in Sources */,
				032A168612ABF3970046B89E /* Facebook.m in Sources */,
				032A168812ABF3970046B89E /* FBDialog.m in Sources */,
				032A168912ABF3970046B89E /* FBLoginDialog.m in Sources */,
				032A168A12ABF3970046B89E /* FBRequest.m in Sources */,
				032A168B12ABF3970046B89E /* NSObject+SBJSON.m in Sources */,
				032A168C12ABF3970046B89E /* NSString+SBJSON.m in Sources */,
				032A168D12ABF3970046B89E /* SBJSON.m in Sources */,
				032A168E12ABF3970046B89E /* SBJsonBase.m in Sources */,
				032A168F12ABF3970046B89E /* SBJsonParser.m in Sources */,
				032A169012ABF3970046B89E /* SBJsonWriter.m in Sources */,
				032A169112ABF3970046B89E /* GameCenterManager.m in Sources */,
				032A169212ABF3970046B89E /* MainViewController.mm in Sources */,
				032A169612ABF3970046B89E /* MXAppDelegate.mm in Sources */,
				032A169712ABF3970046B89E /* RenderableManager.mm in Sources */,
				032A169812ABF3970046B89E /* TextureManager.mm in Sources */,
				032A169912ABF3970046B89E /* Scene.mm in Sources */,
				032A169A12ABF3970046B89E /* Timer.mm in Sources */,
				032A169B12ABF3970046B89E /* util.cpp in Sources */,
				032A169C12ABF3970046B89E /* ActionSystem.mm in Sources */,
				032A169D12ABF3970046B89E /* AnimationSystem.mm in Sources */,
				032A169E12ABF3970046B89E /* AttachmentSystem.mm in Sources */,
				032A169F12ABF3970046B89E /* CorpseRetrievalSystem.mm in Sources */,
				032A16A012ABF3970046B89E /* MovementSystem.mm in Sources */,
				032A16A112ABF3970046B89E /* ParticleSystem.mm in Sources */,
				032A16A212ABF3970046B89E /* RenderSystem.mm in Sources */,
				032A16A312ABF3970046B89E /* SoundSystem.mm in Sources */,
			);
			runOnlyForDeploymentPostprocessing = 0;
		};
/* End PBXSourcesBuildPhase section */

/* Begin XCBuildConfiguration section */
		1D6058940D05DD3E006BFB54 /* Debug */ = {
			isa = XCBuildConfiguration;
			buildSettings = {
				ALWAYS_SEARCH_USER_PATHS = NO;
				COPY_PHASE_STRIP = NO;
				GCC_DYNAMIC_NO_PIC = NO;
				GCC_OPTIMIZATION_LEVEL = 0;
				GCC_PRECOMPILE_PREFIX_HEADER = YES;
				GCC_PREFIX_HEADER = Framework_Prefix.pch;
				INFOPLIST_FILE = "Framework-Info.plist";
				PRODUCT_NAME = Framework;
			};
			name = Debug;
		};
		1D6058950D05DD3E006BFB54 /* Release */ = {
			isa = XCBuildConfiguration;
			buildSettings = {
				ALWAYS_SEARCH_USER_PATHS = NO;
				COPY_PHASE_STRIP = YES;
				GCC_PRECOMPILE_PREFIX_HEADER = YES;
				GCC_PREFIX_HEADER = Framework_Prefix.pch;
				INFOPLIST_FILE = "Framework-Info.plist";
				PRODUCT_NAME = Framework;
				VALIDATE_PRODUCT = YES;
			};
			name = Release;
		};
		C01FCF4F08A954540054247B /* Debug */ = {
			isa = XCBuildConfiguration;
			buildSettings = {
				ARCHS = "$(ARCHS_STANDARD_32_BIT)";
				"CODE_SIGN_IDENTITY[sdk=iphoneos*]" = "iPhone Developer";
				GCC_C_LANGUAGE_STANDARD = c99;
				GCC_WARN_ABOUT_RETURN_TYPE = YES;
				GCC_WARN_UNUSED_VARIABLE = YES;
				PREBINDING = NO;
				SDKROOT = iphoneos;
			};
			name = Debug;
		};
		C01FCF5008A954540054247B /* Release */ = {
			isa = XCBuildConfiguration;
			buildSettings = {
				ARCHS = "$(ARCHS_STANDARD_32_BIT)";
				"CODE_SIGN_IDENTITY[sdk=iphoneos*]" = "iPhone Developer";
				GCC_C_LANGUAGE_STANDARD = c99;
				GCC_WARN_ABOUT_RETURN_TYPE = YES;
				GCC_WARN_UNUSED_VARIABLE = YES;
				OTHER_CFLAGS = "-DNS_BLOCK_ASSERTIONS=1";
				PREBINDING = NO;
				SDKROOT = iphoneos;
			};
			name = Release;
		};
/* End XCBuildConfiguration section */

/* Begin XCConfigurationList section */
		1D6058960D05DD3E006BFB54 /* Build configuration list for PBXNativeTarget "Framework" */ = {
			isa = XCConfigurationList;
			buildConfigurations = (
				1D6058940D05DD3E006BFB54 /* Debug */,
				1D6058950D05DD3E006BFB54 /* Release */,
			);
			defaultConfigurationIsVisible = 0;
			defaultConfigurationName = Release;
		};
		C01FCF4E08A954540054247B /* Build configuration list for PBXProject "Framework" */ = {
			isa = XCConfigurationList;
			buildConfigurations = (
				C01FCF4F08A954540054247B /* Debug */,
				C01FCF5008A954540054247B /* Release */,
			);
			defaultConfigurationIsVisible = 0;
			defaultConfigurationName = Release;
		};
/* End XCConfigurationList section */
	};
	rootObject = 29B97313FDCFA39411CA2CEA /* Project object */;
}
