// !$*UTF8*$!
{
	archiveVersion = 1;
	classes = {
	};
	objectVersion = 45;
	objects = {

/* Begin PBXBuildFile section */
		03251A5712A8050C00E2FA25 /* back.png in Resources */ = {isa = PBXBuildFile; fileRef = 03251A5412A8050C00E2FA25 /* back.png */; };
		03251A5812A8050C00E2FA25 /* zomg.fnt in Resources */ = {isa = PBXBuildFile; fileRef = 03251A5512A8050C00E2FA25 /* zomg.fnt */; };
		03251A5912A8050C00E2FA25 /* zomg.png in Resources */ = {isa = PBXBuildFile; fileRef = 03251A5612A8050C00E2FA25 /* zomg.png */; };
		03275AE312AD7D2800B4CF98 /* Component.mm in Sources */ = {isa = PBXBuildFile; fileRef = 03275A4B12AD7D2800B4CF98 /* Component.mm */; };
		03275AE412AD7D2800B4CF98 /* Entity.mm in Sources */ = {isa = PBXBuildFile; fileRef = 03275A4F12AD7D2800B4CF98 /* Entity.mm */; };
		03275AE512AD7D2800B4CF98 /* EntityManager.mm in Sources */ = {isa = PBXBuildFile; fileRef = 03275A5212AD7D2800B4CF98 /* EntityManager.mm */; };
		03275AE612AD7D2800B4CF98 /* CDAudioManager.m in Sources */ = {isa = PBXBuildFile; fileRef = 03275A5712AD7D2800B4CF98 /* CDAudioManager.m */; };
		03275AE712AD7D2800B4CF98 /* CDOpenALSupport.m in Sources */ = {isa = PBXBuildFile; fileRef = 03275A5A12AD7D2800B4CF98 /* CDOpenALSupport.m */; };
		03275AE812AD7D2800B4CF98 /* CocosDenshion.m in Sources */ = {isa = PBXBuildFile; fileRef = 03275A5C12AD7D2800B4CF98 /* CocosDenshion.m */; };
		03275AE912AD7D2800B4CF98 /* SimpleAudioEngine.m in Sources */ = {isa = PBXBuildFile; fileRef = 03275A5E12AD7D2800B4CF98 /* SimpleAudioEngine.m */; };
		03275AEA12AD7D2800B4CF98 /* bm_font.mm in Sources */ = {isa = PBXBuildFile; fileRef = 03275A6212AD7D2800B4CF98 /* bm_font.mm */; };
		03275AEB12AD7D2800B4CF98 /* OBJCTexture2D.mm in Sources */ = {isa = PBXBuildFile; fileRef = 03275A6612AD7D2800B4CF98 /* OBJCTexture2D.mm */; };
		03275AEC12AD7D2800B4CF98 /* ParticleEmitter.mm in Sources */ = {isa = PBXBuildFile; fileRef = 03275A6912AD7D2800B4CF98 /* ParticleEmitter.mm */; };
		03275AED12AD7D2800B4CF98 /* TBXMLParticleAdditions.m in Sources */ = {isa = PBXBuildFile; fileRef = 03275A6B12AD7D2800B4CF98 /* TBXMLParticleAdditions.m */; };
		03275AEE12AD7D2800B4CF98 /* NSDataAdditions.m in Sources */ = {isa = PBXBuildFile; fileRef = 03275A6F12AD7D2800B4CF98 /* NSDataAdditions.m */; };
		03275AEF12AD7D2800B4CF98 /* TBXML.m in Sources */ = {isa = PBXBuildFile; fileRef = 03275A7112AD7D2800B4CF98 /* TBXML.m */; };
		03275AF012AD7D2800B4CF98 /* RenderDevice.mm in Sources */ = {isa = PBXBuildFile; fileRef = 03275A7312AD7D2800B4CF98 /* RenderDevice.mm */; };
		03275AF112AD7D2800B4CF98 /* image_DXT.mm in Sources */ = {isa = PBXBuildFile; fileRef = 03275A7612AD7D2800B4CF98 /* image_DXT.mm */; };
		03275AF212AD7D2800B4CF98 /* image_helper.mm in Sources */ = {isa = PBXBuildFile; fileRef = 03275A7812AD7D2800B4CF98 /* image_helper.mm */; };
		03275AF312AD7D2800B4CF98 /* SOIL.mm in Sources */ = {isa = PBXBuildFile; fileRef = 03275A7A12AD7D2800B4CF98 /* SOIL.mm */; };
		03275AF412AD7D2800B4CF98 /* stb_image_aug.mm in Sources */ = {isa = PBXBuildFile; fileRef = 03275A7C12AD7D2800B4CF98 /* stb_image_aug.mm */; };
		03275AF512AD7D2800B4CF98 /* Texture2D.mm in Sources */ = {isa = PBXBuildFile; fileRef = 03275A8012AD7D2800B4CF98 /* Texture2D.mm */; };
		03275AF612AD7D2800B4CF98 /* TexturedQuad.mm in Sources */ = {isa = PBXBuildFile; fileRef = 03275A8212AD7D2800B4CF98 /* TexturedQuad.mm */; };
		03275AF712AD7D2800B4CF98 /* InputDevice.mm in Sources */ = {isa = PBXBuildFile; fileRef = 03275A8512AD7D2800B4CF98 /* InputDevice.mm */; };
		03275AF812AD7D2800B4CF98 /* EAGLView.mm in Sources */ = {isa = PBXBuildFile; fileRef = 03275A8912AD7D2800B4CF98 /* EAGLView.mm */; };
		03275AF912AD7D2800B4CF98 /* FacebookSubmitController.m in Sources */ = {isa = PBXBuildFile; fileRef = 03275A8C12AD7D2800B4CF98 /* FacebookSubmitController.m */; };
		03275AFA12AD7D2800B4CF98 /* FacebookSubmitController.xib in Resources */ = {isa = PBXBuildFile; fileRef = 03275A8D12AD7D2800B4CF98 /* FacebookSubmitController.xib */; };
		03275AFB12AD7D2800B4CF98 /* Facebook.m in Sources */ = {isa = PBXBuildFile; fileRef = 03275A9012AD7D2800B4CF98 /* Facebook.m */; };
		03275AFC12AD7D2800B4CF98 /* FBDialog.bundle in Resources */ = {isa = PBXBuildFile; fileRef = 03275A9212AD7D2800B4CF98 /* FBDialog.bundle */; };
		03275AFD12AD7D2800B4CF98 /* FBDialog.m in Sources */ = {isa = PBXBuildFile; fileRef = 03275A9412AD7D2800B4CF98 /* FBDialog.m */; };
		03275AFE12AD7D2800B4CF98 /* FBLoginDialog.m in Sources */ = {isa = PBXBuildFile; fileRef = 03275A9612AD7D2800B4CF98 /* FBLoginDialog.m */; };
		03275AFF12AD7D2800B4CF98 /* FBRequest.m in Sources */ = {isa = PBXBuildFile; fileRef = 03275A9812AD7D2800B4CF98 /* FBRequest.m */; };
		03275B0012AD7D2800B4CF98 /* NSObject+SBJSON.m in Sources */ = {isa = PBXBuildFile; fileRef = 03275A9C12AD7D2800B4CF98 /* NSObject+SBJSON.m */; };
		03275B0112AD7D2800B4CF98 /* NSString+SBJSON.m in Sources */ = {isa = PBXBuildFile; fileRef = 03275A9E12AD7D2800B4CF98 /* NSString+SBJSON.m */; };
		03275B0212AD7D2800B4CF98 /* SBJSON.m in Sources */ = {isa = PBXBuildFile; fileRef = 03275AA012AD7D2800B4CF98 /* SBJSON.m */; };
		03275B0312AD7D2800B4CF98 /* SBJsonBase.m in Sources */ = {isa = PBXBuildFile; fileRef = 03275AA212AD7D2800B4CF98 /* SBJsonBase.m */; };
		03275B0412AD7D2800B4CF98 /* SBJsonParser.m in Sources */ = {isa = PBXBuildFile; fileRef = 03275AA412AD7D2800B4CF98 /* SBJsonParser.m */; };
		03275B0512AD7D2800B4CF98 /* SBJsonWriter.m in Sources */ = {isa = PBXBuildFile; fileRef = 03275AA612AD7D2800B4CF98 /* SBJsonWriter.m */; };
		03275B0612AD7D2800B4CF98 /* GameCenterManager.m in Sources */ = {isa = PBXBuildFile; fileRef = 03275AA812AD7D2800B4CF98 /* GameCenterManager.m */; };
		03275B0712AD7D2800B4CF98 /* MainViewController.mm in Sources */ = {isa = PBXBuildFile; fileRef = 03275AAB12AD7D2800B4CF98 /* MainViewController.mm */; };
		03275B0812AD7D2800B4CF98 /* MainViewController_landscape.xib in Resources */ = {isa = PBXBuildFile; fileRef = 03275AAC12AD7D2800B4CF98 /* MainViewController_landscape.xib */; };
		03275B0912AD7D2800B4CF98 /* MainViewController_portrait.xib in Resources */ = {isa = PBXBuildFile; fileRef = 03275AAD12AD7D2800B4CF98 /* MainViewController_portrait.xib */; };
		03275B0A12AD7D2800B4CF98 /* MainWindow.xib in Resources */ = {isa = PBXBuildFile; fileRef = 03275AAE12AD7D2800B4CF98 /* MainWindow.xib */; };
		03275B0B12AD7D2800B4CF98 /* MinyxStoreViewController.m in Sources */ = {isa = PBXBuildFile; fileRef = 03275AB112AD7D2800B4CF98 /* MinyxStoreViewController.m */; };
		03275B0C12AD7D2800B4CF98 /* MinyxStoreViewController.xib in Resources */ = {isa = PBXBuildFile; fileRef = 03275AB212AD7D2800B4CF98 /* MinyxStoreViewController.xib */; };
		03275B0D12AD7D2800B4CF98 /* moneyyy.jpg in Resources */ = {isa = PBXBuildFile; fileRef = 03275AB312AD7D2800B4CF98 /* moneyyy.jpg */; };
		03275B0E12AD7D2800B4CF98 /* MKStoreManager.m in Sources */ = {isa = PBXBuildFile; fileRef = 03275AB612AD7D2800B4CF98 /* MKStoreManager.m */; };
		03275B0F12AD7D2800B4CF98 /* MKStoreObserver.m in Sources */ = {isa = PBXBuildFile; fileRef = 03275AB812AD7D2800B4CF98 /* MKStoreObserver.m */; };
		03275B1012AD7D2800B4CF98 /* MXAppDelegate.mm in Sources */ = {isa = PBXBuildFile; fileRef = 03275ABA12AD7D2800B4CF98 /* MXAppDelegate.mm */; };
		03275B1112AD7D2800B4CF98 /* RenderableManager.mm in Sources */ = {isa = PBXBuildFile; fileRef = 03275ABD12AD7D2800B4CF98 /* RenderableManager.mm */; };
		03275B1212AD7D2800B4CF98 /* TextureManager.mm in Sources */ = {isa = PBXBuildFile; fileRef = 03275ABF12AD7D2800B4CF98 /* TextureManager.mm */; };
		03275B1312AD7D2800B4CF98 /* Scene.mm in Sources */ = {isa = PBXBuildFile; fileRef = 03275AC212AD7D2800B4CF98 /* Scene.mm */; };
		03275B1412AD7D2800B4CF98 /* Timer.mm in Sources */ = {isa = PBXBuildFile; fileRef = 03275AC512AD7D2800B4CF98 /* Timer.mm */; };
		03275B1512AD7D2800B4CF98 /* util.cpp in Sources */ = {isa = PBXBuildFile; fileRef = 03275AC612AD7D2800B4CF98 /* util.cpp */; };
		03275B1612AD7D2800B4CF98 /* ActionSystem.mm in Sources */ = {isa = PBXBuildFile; fileRef = 03275ACC12AD7D2800B4CF98 /* ActionSystem.mm */; };
		03275B1712AD7D2800B4CF98 /* AnimationSystem.mm in Sources */ = {isa = PBXBuildFile; fileRef = 03275ACF12AD7D2800B4CF98 /* AnimationSystem.mm */; };
		03275B1812AD7D2800B4CF98 /* AttachmentSystem.mm in Sources */ = {isa = PBXBuildFile; fileRef = 03275AD212AD7D2800B4CF98 /* AttachmentSystem.mm */; };
		03275B1912AD7D2800B4CF98 /* CorpseRetrievalSystem.mm in Sources */ = {isa = PBXBuildFile; fileRef = 03275AD512AD7D2800B4CF98 /* CorpseRetrievalSystem.mm */; };
		03275B1A12AD7D2800B4CF98 /* MovementSystem.mm in Sources */ = {isa = PBXBuildFile; fileRef = 03275AD812AD7D2800B4CF98 /* MovementSystem.mm */; };
		03275B1B12AD7D2800B4CF98 /* ParticleSystem.mm in Sources */ = {isa = PBXBuildFile; fileRef = 03275ADB12AD7D2800B4CF98 /* ParticleSystem.mm */; };
		03275B1C12AD7D2800B4CF98 /* RenderSystem.mm in Sources */ = {isa = PBXBuildFile; fileRef = 03275ADE12AD7D2800B4CF98 /* RenderSystem.mm */; };
		03275B1D12AD7D2800B4CF98 /* SoundSystem.mm in Sources */ = {isa = PBXBuildFile; fileRef = 03275AE112AD7D2800B4CF98 /* SoundSystem.mm */; };
		03275B3712AD7D5B00B4CF98 /* StoreKit.framework in Frameworks */ = {isa = PBXBuildFile; fileRef = 03275B3612AD7D5B00B4CF98 /* StoreKit.framework */; };
		032A195812AC72750046B89E /* README in Resources */ = {isa = PBXBuildFile; fileRef = 032A195712AC72750046B89E /* README */; };
		032A195B12AC72900046B89E /* GameKit.framework in Frameworks */ = {isa = PBXBuildFile; fileRef = 032A195A12AC72900046B89E /* GameKit.framework */; };
		03B8431E12A80233008D6D25 /* AppController.m in Sources */ = {isa = PBXBuildFile; fileRef = 03B8431C12A80233008D6D25 /* AppController.m */; };
		03B8432412A8026D008D6D25 /* AVFoundation.framework in Frameworks */ = {isa = PBXBuildFile; fileRef = 03B8432312A8026D008D6D25 /* AVFoundation.framework */; };
		03B8432612A8026D008D6D25 /* OpenAL.framework in Frameworks */ = {isa = PBXBuildFile; fileRef = 03B8432512A8026D008D6D25 /* OpenAL.framework */; };
		03B8432812A8026D008D6D25 /* OpenGLES.framework in Frameworks */ = {isa = PBXBuildFile; fileRef = 03B8432712A8026D008D6D25 /* OpenGLES.framework */; };
		03B8432A12A8026D008D6D25 /* QuartzCore.framework in Frameworks */ = {isa = PBXBuildFile; fileRef = 03B8432912A8026D008D6D25 /* QuartzCore.framework */; };
		03B8432C12A8026D008D6D25 /* libz.dylib in Frameworks */ = {isa = PBXBuildFile; fileRef = 03B8432B12A8026D008D6D25 /* libz.dylib */; };
		03B8435E12A802A7008D6D25 /* HUDSystem.mm in Sources */ = {isa = PBXBuildFile; fileRef = 03B8434812A802A7008D6D25 /* HUDSystem.mm */; };
		03B8435F12A802A7008D6D25 /* GameLogicSystem.mm in Sources */ = {isa = PBXBuildFile; fileRef = 03B8434B12A802A7008D6D25 /* GameLogicSystem.mm */; };
		03B8436012A802A7008D6D25 /* PlayerControlledSystem.mm in Sources */ = {isa = PBXBuildFile; fileRef = 03B8434E12A802A7008D6D25 /* PlayerControlledSystem.mm */; };
		03B8436112A802A7008D6D25 /* GameBoardSystem.mm in Sources */ = {isa = PBXBuildFile; fileRef = 03B8435112A802A7008D6D25 /* GameBoardSystem.mm */; };
		03B8436212A802A7008D6D25 /* GameComponents.mm in Sources */ = {isa = PBXBuildFile; fileRef = 03B8435412A802A7008D6D25 /* GameComponents.mm */; };
		03B8436412A802A7008D6D25 /* Game.mm in Sources */ = {isa = PBXBuildFile; fileRef = 03B8435B12A802A7008D6D25 /* Game.mm */; };
		03B8436512A802A7008D6D25 /* globals.mm in Sources */ = {isa = PBXBuildFile; fileRef = 03B8435D12A802A7008D6D25 /* globals.mm */; };
		03B8437012A802CC008D6D25 /* AudioToolbox.framework in Frameworks */ = {isa = PBXBuildFile; fileRef = 03B8436F12A802CC008D6D25 /* AudioToolbox.framework */; };
		03D33B7A12A915AC00587E92 /* MenuScene.mm in Sources */ = {isa = PBXBuildFile; fileRef = 03D33B7612A915AC00587E92 /* MenuScene.mm */; };
		03D33B7B12A915AC00587E92 /* GameScene.mm in Sources */ = {isa = PBXBuildFile; fileRef = 03D33B7912A915AC00587E92 /* GameScene.mm */; };
		1D60589B0D05DD56006BFB54 /* main.m in Sources */ = {isa = PBXBuildFile; fileRef = 29B97316FDCFA39411CA2CEA /* main.m */; };
		1D60589F0D05DD5A006BFB54 /* Foundation.framework in Frameworks */ = {isa = PBXBuildFile; fileRef = 1D30AB110D05D00D00671497 /* Foundation.framework */; };
		1DF5F4E00D08C38300B7A737 /* UIKit.framework in Frameworks */ = {isa = PBXBuildFile; fileRef = 1DF5F4DF0D08C38300B7A737 /* UIKit.framework */; };
		288765FD0DF74451002DB57D /* CoreGraphics.framework in Frameworks */ = {isa = PBXBuildFile; fileRef = 288765FC0DF74451002DB57D /* CoreGraphics.framework */; };
/* End PBXBuildFile section */

/* Begin PBXFileReference section */
		03251A5412A8050C00E2FA25 /* back.png */ = {isa = PBXFileReference; lastKnownFileType = image.png; name = back.png; path = Resources/back.png; sourceTree = "<group>"; };
		03251A5512A8050C00E2FA25 /* zomg.fnt */ = {isa = PBXFileReference; fileEncoding = 4; lastKnownFileType = text; name = zomg.fnt; path = Resources/zomg.fnt; sourceTree = "<group>"; };
		03251A5612A8050C00E2FA25 /* zomg.png */ = {isa = PBXFileReference; lastKnownFileType = image.png; name = zomg.png; path = Resources/zomg.png; sourceTree = "<group>"; };
		03275A4A12AD7D2800B4CF98 /* Component.h */ = {isa = PBXFileReference; fileEncoding = 4; lastKnownFileType = sourcecode.c.h; path = Component.h; sourceTree = "<group>"; };
		03275A4B12AD7D2800B4CF98 /* Component.mm */ = {isa = PBXFileReference; fileEncoding = 4; lastKnownFileType = sourcecode.cpp.objcpp; path = Component.mm; sourceTree = "<group>"; };
		03275A4C12AD7D2800B4CF98 /* ComponentV3.h */ = {isa = PBXFileReference; fileEncoding = 4; lastKnownFileType = sourcecode.c.h; path = ComponentV3.h; sourceTree = "<group>"; };
		03275A4E12AD7D2800B4CF98 /* Entity.h */ = {isa = PBXFileReference; fileEncoding = 4; lastKnownFileType = sourcecode.c.h; path = Entity.h; sourceTree = "<group>"; };
		03275A4F12AD7D2800B4CF98 /* Entity.mm */ = {isa = PBXFileReference; fileEncoding = 4; lastKnownFileType = sourcecode.cpp.objcpp; path = Entity.mm; sourceTree = "<group>"; };
		03275A5112AD7D2800B4CF98 /* EntityManager.h */ = {isa = PBXFileReference; fileEncoding = 4; lastKnownFileType = sourcecode.c.h; path = EntityManager.h; sourceTree = "<group>"; };
		03275A5212AD7D2800B4CF98 /* EntityManager.mm */ = {isa = PBXFileReference; fileEncoding = 4; lastKnownFileType = sourcecode.cpp.objcpp; path = EntityManager.mm; sourceTree = "<group>"; };
		03275A5612AD7D2800B4CF98 /* CDAudioManager.h */ = {isa = PBXFileReference; fileEncoding = 4; lastKnownFileType = sourcecode.c.h; path = CDAudioManager.h; sourceTree = "<group>"; };
		03275A5712AD7D2800B4CF98 /* CDAudioManager.m */ = {isa = PBXFileReference; fileEncoding = 4; lastKnownFileType = sourcecode.c.objc; path = CDAudioManager.m; sourceTree = "<group>"; };
		03275A5812AD7D2800B4CF98 /* CDConfig.h */ = {isa = PBXFileReference; fileEncoding = 4; lastKnownFileType = sourcecode.c.h; path = CDConfig.h; sourceTree = "<group>"; };
		03275A5912AD7D2800B4CF98 /* CDOpenALSupport.h */ = {isa = PBXFileReference; fileEncoding = 4; lastKnownFileType = sourcecode.c.h; path = CDOpenALSupport.h; sourceTree = "<group>"; };
		03275A5A12AD7D2800B4CF98 /* CDOpenALSupport.m */ = {isa = PBXFileReference; fileEncoding = 4; lastKnownFileType = sourcecode.c.objc; path = CDOpenALSupport.m; sourceTree = "<group>"; };
		03275A5B12AD7D2800B4CF98 /* CocosDenshion.h */ = {isa = PBXFileReference; fileEncoding = 4; lastKnownFileType = sourcecode.c.h; path = CocosDenshion.h; sourceTree = "<group>"; };
		03275A5C12AD7D2800B4CF98 /* CocosDenshion.m */ = {isa = PBXFileReference; fileEncoding = 4; lastKnownFileType = sourcecode.c.objc; path = CocosDenshion.m; sourceTree = "<group>"; };
		03275A5D12AD7D2800B4CF98 /* SimpleAudioEngine.h */ = {isa = PBXFileReference; fileEncoding = 4; lastKnownFileType = sourcecode.c.h; path = SimpleAudioEngine.h; sourceTree = "<group>"; };
		03275A5E12AD7D2800B4CF98 /* SimpleAudioEngine.m */ = {isa = PBXFileReference; fileEncoding = 4; lastKnownFileType = sourcecode.c.objc; path = SimpleAudioEngine.m; sourceTree = "<group>"; };
		03275A6112AD7D2800B4CF98 /* bm_font.h */ = {isa = PBXFileReference; fileEncoding = 4; lastKnownFileType = sourcecode.c.h; path = bm_font.h; sourceTree = "<group>"; };
		03275A6212AD7D2800B4CF98 /* bm_font.mm */ = {isa = PBXFileReference; fileEncoding = 4; lastKnownFileType = sourcecode.cpp.objcpp; path = bm_font.mm; sourceTree = "<group>"; };
		03275A6412AD7D2800B4CF98 /* Global.h */ = {isa = PBXFileReference; fileEncoding = 4; lastKnownFileType = sourcecode.c.h; path = Global.h; sourceTree = "<group>"; };
		03275A6512AD7D2800B4CF98 /* OBJCTexture2D.h */ = {isa = PBXFileReference; fileEncoding = 4; lastKnownFileType = sourcecode.c.h; path = OBJCTexture2D.h; sourceTree = "<group>"; };
		03275A6612AD7D2800B4CF98 /* OBJCTexture2D.mm */ = {isa = PBXFileReference; fileEncoding = 4; lastKnownFileType = sourcecode.cpp.objcpp; path = OBJCTexture2D.mm; sourceTree = "<group>"; };
		03275A6812AD7D2800B4CF98 /* ParticleEmitter.h */ = {isa = PBXFileReference; fileEncoding = 4; lastKnownFileType = sourcecode.c.h; path = ParticleEmitter.h; sourceTree = "<group>"; };
		03275A6912AD7D2800B4CF98 /* ParticleEmitter.mm */ = {isa = PBXFileReference; fileEncoding = 4; lastKnownFileType = sourcecode.cpp.objcpp; path = ParticleEmitter.mm; sourceTree = "<group>"; };
		03275A6A12AD7D2800B4CF98 /* TBXMLParticleAdditions.h */ = {isa = PBXFileReference; fileEncoding = 4; lastKnownFileType = sourcecode.c.h; path = TBXMLParticleAdditions.h; sourceTree = "<group>"; };
		03275A6B12AD7D2800B4CF98 /* TBXMLParticleAdditions.m */ = {isa = PBXFileReference; fileEncoding = 4; lastKnownFileType = sourcecode.c.objc; path = TBXMLParticleAdditions.m; sourceTree = "<group>"; };
		03275A6C12AD7D2800B4CF98 /* Structures.h */ = {isa = PBXFileReference; fileEncoding = 4; lastKnownFileType = sourcecode.c.h; path = Structures.h; sourceTree = "<group>"; };
		03275A6E12AD7D2800B4CF98 /* NSDataAdditions.h */ = {isa = PBXFileReference; fileEncoding = 4; lastKnownFileType = sourcecode.c.h; path = NSDataAdditions.h; sourceTree = "<group>"; };
		03275A6F12AD7D2800B4CF98 /* NSDataAdditions.m */ = {isa = PBXFileReference; fileEncoding = 4; lastKnownFileType = sourcecode.c.objc; path = NSDataAdditions.m; sourceTree = "<group>"; };
		03275A7012AD7D2800B4CF98 /* TBXML.h */ = {isa = PBXFileReference; fileEncoding = 4; lastKnownFileType = sourcecode.c.h; path = TBXML.h; sourceTree = "<group>"; };
		03275A7112AD7D2800B4CF98 /* TBXML.m */ = {isa = PBXFileReference; fileEncoding = 4; lastKnownFileType = sourcecode.c.objc; path = TBXML.m; sourceTree = "<group>"; };
		03275A7212AD7D2800B4CF98 /* RenderDevice.h */ = {isa = PBXFileReference; fileEncoding = 4; lastKnownFileType = sourcecode.c.h; path = RenderDevice.h; sourceTree = "<group>"; };
		03275A7312AD7D2800B4CF98 /* RenderDevice.mm */ = {isa = PBXFileReference; fileEncoding = 4; lastKnownFileType = sourcecode.cpp.objcpp; path = RenderDevice.mm; sourceTree = "<group>"; };
		03275A7512AD7D2800B4CF98 /* image_DXT.h */ = {isa = PBXFileReference; fileEncoding = 4; lastKnownFileType = sourcecode.c.h; path = image_DXT.h; sourceTree = "<group>"; };
		03275A7612AD7D2800B4CF98 /* image_DXT.mm */ = {isa = PBXFileReference; fileEncoding = 4; lastKnownFileType = sourcecode.cpp.objcpp; path = image_DXT.mm; sourceTree = "<group>"; };
		03275A7712AD7D2800B4CF98 /* image_helper.h */ = {isa = PBXFileReference; fileEncoding = 4; lastKnownFileType = sourcecode.c.h; path = image_helper.h; sourceTree = "<group>"; };
		03275A7812AD7D2800B4CF98 /* image_helper.mm */ = {isa = PBXFileReference; fileEncoding = 4; lastKnownFileType = sourcecode.cpp.objcpp; path = image_helper.mm; sourceTree = "<group>"; };
		03275A7912AD7D2800B4CF98 /* SOIL.h */ = {isa = PBXFileReference; fileEncoding = 4; lastKnownFileType = sourcecode.c.h; path = SOIL.h; sourceTree = "<group>"; };
		03275A7A12AD7D2800B4CF98 /* SOIL.mm */ = {isa = PBXFileReference; fileEncoding = 4; lastKnownFileType = sourcecode.cpp.objcpp; path = SOIL.mm; sourceTree = "<group>"; };
		03275A7B12AD7D2800B4CF98 /* stb_image_aug.h */ = {isa = PBXFileReference; fileEncoding = 4; lastKnownFileType = sourcecode.c.h; path = stb_image_aug.h; sourceTree = "<group>"; };
		03275A7C12AD7D2800B4CF98 /* stb_image_aug.mm */ = {isa = PBXFileReference; fileEncoding = 4; lastKnownFileType = sourcecode.cpp.objcpp; path = stb_image_aug.mm; sourceTree = "<group>"; };
		03275A7D12AD7D2800B4CF98 /* stbi_DDS_aug.h */ = {isa = PBXFileReference; fileEncoding = 4; lastKnownFileType = sourcecode.c.h; path = stbi_DDS_aug.h; sourceTree = "<group>"; };
		03275A7E12AD7D2800B4CF98 /* stbi_DDS_aug_c.h */ = {isa = PBXFileReference; fileEncoding = 4; lastKnownFileType = sourcecode.c.h; path = stbi_DDS_aug_c.h; sourceTree = "<group>"; };
		03275A7F12AD7D2800B4CF98 /* Texture2D.h */ = {isa = PBXFileReference; fileEncoding = 4; lastKnownFileType = sourcecode.c.h; path = Texture2D.h; sourceTree = "<group>"; };
		03275A8012AD7D2800B4CF98 /* Texture2D.mm */ = {isa = PBXFileReference; fileEncoding = 4; lastKnownFileType = sourcecode.cpp.objcpp; path = Texture2D.mm; sourceTree = "<group>"; };
		03275A8112AD7D2800B4CF98 /* TexturedQuad.h */ = {isa = PBXFileReference; fileEncoding = 4; lastKnownFileType = sourcecode.c.h; path = TexturedQuad.h; sourceTree = "<group>"; };
		03275A8212AD7D2800B4CF98 /* TexturedQuad.mm */ = {isa = PBXFileReference; fileEncoding = 4; lastKnownFileType = sourcecode.cpp.objcpp; path = TexturedQuad.mm; sourceTree = "<group>"; };
		03275A8412AD7D2800B4CF98 /* InputDevice.h */ = {isa = PBXFileReference; fileEncoding = 4; lastKnownFileType = sourcecode.c.h; path = InputDevice.h; sourceTree = "<group>"; };
		03275A8512AD7D2800B4CF98 /* InputDevice.mm */ = {isa = PBXFileReference; fileEncoding = 4; lastKnownFileType = sourcecode.cpp.objcpp; path = InputDevice.mm; sourceTree = "<group>"; };
		03275A8812AD7D2800B4CF98 /* EAGLView.h */ = {isa = PBXFileReference; fileEncoding = 4; lastKnownFileType = sourcecode.c.h; path = EAGLView.h; sourceTree = "<group>"; };
		03275A8912AD7D2800B4CF98 /* EAGLView.mm */ = {isa = PBXFileReference; fileEncoding = 4; lastKnownFileType = sourcecode.cpp.objcpp; path = EAGLView.mm; sourceTree = "<group>"; };
		03275A8B12AD7D2800B4CF98 /* FacebookSubmitController.h */ = {isa = PBXFileReference; fileEncoding = 4; lastKnownFileType = sourcecode.c.h; path = FacebookSubmitController.h; sourceTree = "<group>"; };
		03275A8C12AD7D2800B4CF98 /* FacebookSubmitController.m */ = {isa = PBXFileReference; fileEncoding = 4; lastKnownFileType = sourcecode.c.objc; path = FacebookSubmitController.m; sourceTree = "<group>"; };
		03275A8D12AD7D2800B4CF98 /* FacebookSubmitController.xib */ = {isa = PBXFileReference; lastKnownFileType = file.xib; path = FacebookSubmitController.xib; sourceTree = "<group>"; };
		03275A8F12AD7D2800B4CF98 /* Facebook.h */ = {isa = PBXFileReference; fileEncoding = 4; lastKnownFileType = sourcecode.c.h; path = Facebook.h; sourceTree = "<group>"; };
		03275A9012AD7D2800B4CF98 /* Facebook.m */ = {isa = PBXFileReference; fileEncoding = 4; lastKnownFileType = sourcecode.c.objc; path = Facebook.m; sourceTree = "<group>"; };
		03275A9112AD7D2800B4CF98 /* FBConnect.h */ = {isa = PBXFileReference; fileEncoding = 4; lastKnownFileType = sourcecode.c.h; path = FBConnect.h; sourceTree = "<group>"; };
		03275A9212AD7D2800B4CF98 /* FBDialog.bundle */ = {isa = PBXFileReference; lastKnownFileType = "wrapper.plug-in"; path = FBDialog.bundle; sourceTree = "<group>"; };
		03275A9312AD7D2800B4CF98 /* FBDialog.h */ = {isa = PBXFileReference; fileEncoding = 4; lastKnownFileType = sourcecode.c.h; path = FBDialog.h; sourceTree = "<group>"; };
		03275A9412AD7D2800B4CF98 /* FBDialog.m */ = {isa = PBXFileReference; fileEncoding = 4; lastKnownFileType = sourcecode.c.objc; path = FBDialog.m; sourceTree = "<group>"; };
		03275A9512AD7D2800B4CF98 /* FBLoginDialog.h */ = {isa = PBXFileReference; fileEncoding = 4; lastKnownFileType = sourcecode.c.h; path = FBLoginDialog.h; sourceTree = "<group>"; };
		03275A9612AD7D2800B4CF98 /* FBLoginDialog.m */ = {isa = PBXFileReference; fileEncoding = 4; lastKnownFileType = sourcecode.c.objc; path = FBLoginDialog.m; sourceTree = "<group>"; };
		03275A9712AD7D2800B4CF98 /* FBRequest.h */ = {isa = PBXFileReference; fileEncoding = 4; lastKnownFileType = sourcecode.c.h; path = FBRequest.h; sourceTree = "<group>"; };
		03275A9812AD7D2800B4CF98 /* FBRequest.m */ = {isa = PBXFileReference; fileEncoding = 4; lastKnownFileType = sourcecode.c.objc; path = FBRequest.m; sourceTree = "<group>"; };
		03275A9A12AD7D2800B4CF98 /* JSON.h */ = {isa = PBXFileReference; fileEncoding = 4; lastKnownFileType = sourcecode.c.h; path = JSON.h; sourceTree = "<group>"; };
		03275A9B12AD7D2800B4CF98 /* NSObject+SBJSON.h */ = {isa = PBXFileReference; fileEncoding = 4; lastKnownFileType = sourcecode.c.h; path = "NSObject+SBJSON.h"; sourceTree = "<group>"; };
		03275A9C12AD7D2800B4CF98 /* NSObject+SBJSON.m */ = {isa = PBXFileReference; fileEncoding = 4; lastKnownFileType = sourcecode.c.objc; path = "NSObject+SBJSON.m"; sourceTree = "<group>"; };
		03275A9D12AD7D2800B4CF98 /* NSString+SBJSON.h */ = {isa = PBXFileReference; fileEncoding = 4; lastKnownFileType = sourcecode.c.h; path = "NSString+SBJSON.h"; sourceTree = "<group>"; };
		03275A9E12AD7D2800B4CF98 /* NSString+SBJSON.m */ = {isa = PBXFileReference; fileEncoding = 4; lastKnownFileType = sourcecode.c.objc; path = "NSString+SBJSON.m"; sourceTree = "<group>"; };
		03275A9F12AD7D2800B4CF98 /* SBJSON.h */ = {isa = PBXFileReference; fileEncoding = 4; lastKnownFileType = sourcecode.c.h; path = SBJSON.h; sourceTree = "<group>"; };
		03275AA012AD7D2800B4CF98 /* SBJSON.m */ = {isa = PBXFileReference; fileEncoding = 4; lastKnownFileType = sourcecode.c.objc; path = SBJSON.m; sourceTree = "<group>"; };
		03275AA112AD7D2800B4CF98 /* SBJsonBase.h */ = {isa = PBXFileReference; fileEncoding = 4; lastKnownFileType = sourcecode.c.h; path = SBJsonBase.h; sourceTree = "<group>"; };
		03275AA212AD7D2800B4CF98 /* SBJsonBase.m */ = {isa = PBXFileReference; fileEncoding = 4; lastKnownFileType = sourcecode.c.objc; path = SBJsonBase.m; sourceTree = "<group>"; };
		03275AA312AD7D2800B4CF98 /* SBJsonParser.h */ = {isa = PBXFileReference; fileEncoding = 4; lastKnownFileType = sourcecode.c.h; path = SBJsonParser.h; sourceTree = "<group>"; };
		03275AA412AD7D2800B4CF98 /* SBJsonParser.m */ = {isa = PBXFileReference; fileEncoding = 4; lastKnownFileType = sourcecode.c.objc; path = SBJsonParser.m; sourceTree = "<group>"; };
		03275AA512AD7D2800B4CF98 /* SBJsonWriter.h */ = {isa = PBXFileReference; fileEncoding = 4; lastKnownFileType = sourcecode.c.h; path = SBJsonWriter.h; sourceTree = "<group>"; };
		03275AA612AD7D2800B4CF98 /* SBJsonWriter.m */ = {isa = PBXFileReference; fileEncoding = 4; lastKnownFileType = sourcecode.c.objc; path = SBJsonWriter.m; sourceTree = "<group>"; };
		03275AA712AD7D2800B4CF98 /* GameCenterManager.h */ = {isa = PBXFileReference; fileEncoding = 4; lastKnownFileType = sourcecode.c.h; path = GameCenterManager.h; sourceTree = "<group>"; };
		03275AA812AD7D2800B4CF98 /* GameCenterManager.m */ = {isa = PBXFileReference; fileEncoding = 4; lastKnownFileType = sourcecode.c.objc; path = GameCenterManager.m; sourceTree = "<group>"; };
		03275AAA12AD7D2800B4CF98 /* MainViewController.h */ = {isa = PBXFileReference; fileEncoding = 4; lastKnownFileType = sourcecode.c.h; path = MainViewController.h; sourceTree = "<group>"; };
		03275AAB12AD7D2800B4CF98 /* MainViewController.mm */ = {isa = PBXFileReference; fileEncoding = 4; lastKnownFileType = sourcecode.cpp.objcpp; path = MainViewController.mm; sourceTree = "<group>"; };
		03275AAC12AD7D2800B4CF98 /* MainViewController_landscape.xib */ = {isa = PBXFileReference; lastKnownFileType = file.xib; path = MainViewController_landscape.xib; sourceTree = "<group>"; };
		03275AAD12AD7D2800B4CF98 /* MainViewController_portrait.xib */ = {isa = PBXFileReference; lastKnownFileType = file.xib; path = MainViewController_portrait.xib; sourceTree = "<group>"; };
		03275AAE12AD7D2800B4CF98 /* MainWindow.xib */ = {isa = PBXFileReference; lastKnownFileType = file.xib; path = MainWindow.xib; sourceTree = "<group>"; };
		03275AB012AD7D2800B4CF98 /* MinyxStoreViewController.h */ = {isa = PBXFileReference; fileEncoding = 4; lastKnownFileType = sourcecode.c.h; path = MinyxStoreViewController.h; sourceTree = "<group>"; };
		03275AB112AD7D2800B4CF98 /* MinyxStoreViewController.m */ = {isa = PBXFileReference; fileEncoding = 4; lastKnownFileType = sourcecode.c.objc; path = MinyxStoreViewController.m; sourceTree = "<group>"; };
		03275AB212AD7D2800B4CF98 /* MinyxStoreViewController.xib */ = {isa = PBXFileReference; lastKnownFileType = file.xib; path = MinyxStoreViewController.xib; sourceTree = "<group>"; };
		03275AB312AD7D2800B4CF98 /* moneyyy.jpg */ = {isa = PBXFileReference; lastKnownFileType = image.jpeg; path = moneyyy.jpg; sourceTree = "<group>"; };
		03275AB512AD7D2800B4CF98 /* MKStoreManager.h */ = {isa = PBXFileReference; fileEncoding = 4; lastKnownFileType = sourcecode.c.h; path = MKStoreManager.h; sourceTree = "<group>"; };
		03275AB612AD7D2800B4CF98 /* MKStoreManager.m */ = {isa = PBXFileReference; fileEncoding = 4; lastKnownFileType = sourcecode.c.objc; path = MKStoreManager.m; sourceTree = "<group>"; };
		03275AB712AD7D2800B4CF98 /* MKStoreObserver.h */ = {isa = PBXFileReference; fileEncoding = 4; lastKnownFileType = sourcecode.c.h; path = MKStoreObserver.h; sourceTree = "<group>"; };
		03275AB812AD7D2800B4CF98 /* MKStoreObserver.m */ = {isa = PBXFileReference; fileEncoding = 4; lastKnownFileType = sourcecode.c.objc; path = MKStoreObserver.m; sourceTree = "<group>"; };
		03275AB912AD7D2800B4CF98 /* MXAppDelegate.h */ = {isa = PBXFileReference; fileEncoding = 4; lastKnownFileType = sourcecode.c.h; path = MXAppDelegate.h; sourceTree = "<group>"; };
		03275ABA12AD7D2800B4CF98 /* MXAppDelegate.mm */ = {isa = PBXFileReference; fileEncoding = 4; lastKnownFileType = sourcecode.cpp.objcpp; path = MXAppDelegate.mm; sourceTree = "<group>"; };
		03275ABC12AD7D2800B4CF98 /* RenderableManager.h */ = {isa = PBXFileReference; fileEncoding = 4; lastKnownFileType = sourcecode.c.h; path = RenderableManager.h; sourceTree = "<group>"; };
		03275ABD12AD7D2800B4CF98 /* RenderableManager.mm */ = {isa = PBXFileReference; fileEncoding = 4; lastKnownFileType = sourcecode.cpp.objcpp; path = RenderableManager.mm; sourceTree = "<group>"; };
		03275ABE12AD7D2800B4CF98 /* TextureManager.h */ = {isa = PBXFileReference; fileEncoding = 4; lastKnownFileType = sourcecode.c.h; path = TextureManager.h; sourceTree = "<group>"; };
		03275ABF12AD7D2800B4CF98 /* TextureManager.mm */ = {isa = PBXFileReference; fileEncoding = 4; lastKnownFileType = sourcecode.cpp.objcpp; path = TextureManager.mm; sourceTree = "<group>"; };
		03275AC112AD7D2800B4CF98 /* Scene.h */ = {isa = PBXFileReference; fileEncoding = 4; lastKnownFileType = sourcecode.c.h; path = Scene.h; sourceTree = "<group>"; };
		03275AC212AD7D2800B4CF98 /* Scene.mm */ = {isa = PBXFileReference; fileEncoding = 4; lastKnownFileType = sourcecode.cpp.objcpp; path = Scene.mm; sourceTree = "<group>"; };
		03275AC412AD7D2800B4CF98 /* Timer.h */ = {isa = PBXFileReference; fileEncoding = 4; lastKnownFileType = sourcecode.c.h; path = Timer.h; sourceTree = "<group>"; };
		03275AC512AD7D2800B4CF98 /* Timer.mm */ = {isa = PBXFileReference; fileEncoding = 4; lastKnownFileType = sourcecode.cpp.objcpp; path = Timer.mm; sourceTree = "<group>"; };
		03275AC612AD7D2800B4CF98 /* util.cpp */ = {isa = PBXFileReference; fileEncoding = 4; lastKnownFileType = sourcecode.cpp.cpp; path = util.cpp; sourceTree = "<group>"; };
		03275AC712AD7D2800B4CF98 /* util.h */ = {isa = PBXFileReference; fileEncoding = 4; lastKnownFileType = sourcecode.c.h; path = util.h; sourceTree = "<group>"; };
		03275ACA12AD7D2800B4CF98 /* Actions.h */ = {isa = PBXFileReference; fileEncoding = 4; lastKnownFileType = sourcecode.c.h; path = Actions.h; sourceTree = "<group>"; };
		03275ACB12AD7D2800B4CF98 /* ActionSystem.h */ = {isa = PBXFileReference; fileEncoding = 4; lastKnownFileType = sourcecode.c.h; path = ActionSystem.h; sourceTree = "<group>"; };
		03275ACC12AD7D2800B4CF98 /* ActionSystem.mm */ = {isa = PBXFileReference; fileEncoding = 4; lastKnownFileType = sourcecode.cpp.objcpp; path = ActionSystem.mm; sourceTree = "<group>"; };
		03275ACE12AD7D2800B4CF98 /* AnimationSystem.h */ = {isa = PBXFileReference; fileEncoding = 4; lastKnownFileType = sourcecode.c.h; path = AnimationSystem.h; sourceTree = "<group>"; };
		03275ACF12AD7D2800B4CF98 /* AnimationSystem.mm */ = {isa = PBXFileReference; fileEncoding = 4; lastKnownFileType = sourcecode.cpp.objcpp; path = AnimationSystem.mm; sourceTree = "<group>"; };
		03275AD112AD7D2800B4CF98 /* AttachmentSystem.h */ = {isa = PBXFileReference; fileEncoding = 4; lastKnownFileType = sourcecode.c.h; path = AttachmentSystem.h; sourceTree = "<group>"; };
		03275AD212AD7D2800B4CF98 /* AttachmentSystem.mm */ = {isa = PBXFileReference; fileEncoding = 4; lastKnownFileType = sourcecode.cpp.objcpp; path = AttachmentSystem.mm; sourceTree = "<group>"; };
		03275AD412AD7D2800B4CF98 /* CorpseRetrievalSystem.h */ = {isa = PBXFileReference; fileEncoding = 4; lastKnownFileType = sourcecode.c.h; path = CorpseRetrievalSystem.h; sourceTree = "<group>"; };
		03275AD512AD7D2800B4CF98 /* CorpseRetrievalSystem.mm */ = {isa = PBXFileReference; fileEncoding = 4; lastKnownFileType = sourcecode.cpp.objcpp; path = CorpseRetrievalSystem.mm; sourceTree = "<group>"; };
		03275AD712AD7D2800B4CF98 /* MovementSystem.h */ = {isa = PBXFileReference; fileEncoding = 4; lastKnownFileType = sourcecode.c.h; path = MovementSystem.h; sourceTree = "<group>"; };
		03275AD812AD7D2800B4CF98 /* MovementSystem.mm */ = {isa = PBXFileReference; fileEncoding = 4; lastKnownFileType = sourcecode.cpp.objcpp; path = MovementSystem.mm; sourceTree = "<group>"; };
		03275ADA12AD7D2800B4CF98 /* ParticleSystem.h */ = {isa = PBXFileReference; fileEncoding = 4; lastKnownFileType = sourcecode.c.h; path = ParticleSystem.h; sourceTree = "<group>"; };
		03275ADB12AD7D2800B4CF98 /* ParticleSystem.mm */ = {isa = PBXFileReference; fileEncoding = 4; lastKnownFileType = sourcecode.cpp.objcpp; path = ParticleSystem.mm; sourceTree = "<group>"; };
		03275ADD12AD7D2800B4CF98 /* RenderSystem.h */ = {isa = PBXFileReference; fileEncoding = 4; lastKnownFileType = sourcecode.c.h; path = RenderSystem.h; sourceTree = "<group>"; };
		03275ADE12AD7D2800B4CF98 /* RenderSystem.mm */ = {isa = PBXFileReference; fileEncoding = 4; lastKnownFileType = sourcecode.cpp.objcpp; path = RenderSystem.mm; sourceTree = "<group>"; };
		03275AE012AD7D2800B4CF98 /* SoundSystem.h */ = {isa = PBXFileReference; fileEncoding = 4; lastKnownFileType = sourcecode.c.h; path = SoundSystem.h; sourceTree = "<group>"; };
		03275AE112AD7D2800B4CF98 /* SoundSystem.mm */ = {isa = PBXFileReference; fileEncoding = 4; lastKnownFileType = sourcecode.cpp.objcpp; path = SoundSystem.mm; sourceTree = "<group>"; };
		03275AE212AD7D2800B4CF98 /* types.h */ = {isa = PBXFileReference; fileEncoding = 4; lastKnownFileType = sourcecode.c.h; path = types.h; sourceTree = "<group>"; };
		03275B3612AD7D5B00B4CF98 /* StoreKit.framework */ = {isa = PBXFileReference; lastKnownFileType = wrapper.framework; name = StoreKit.framework; path = System/Library/Frameworks/StoreKit.framework; sourceTree = SDKROOT; };
		032A195712AC72750046B89E /* README */ = {isa = PBXFileReference; fileEncoding = 4; lastKnownFileType = text; path = README; sourceTree = "<group>"; };
		032A195A12AC72900046B89E /* GameKit.framework */ = {isa = PBXFileReference; lastKnownFileType = wrapper.framework; name = GameKit.framework; path = System/Library/Frameworks/GameKit.framework; sourceTree = SDKROOT; };
		03B8431B12A80233008D6D25 /* AppController.h */ = {isa = PBXFileReference; fileEncoding = 4; lastKnownFileType = sourcecode.c.h; path = AppController.h; sourceTree = "<group>"; };
		03B8431C12A80233008D6D25 /* AppController.m */ = {isa = PBXFileReference; fileEncoding = 4; lastKnownFileType = sourcecode.c.objc; path = AppController.m; sourceTree = "<group>"; };
		03B8431D12A80233008D6D25 /* SystemConfig.h */ = {isa = PBXFileReference; fileEncoding = 4; lastKnownFileType = sourcecode.c.h; path = SystemConfig.h; sourceTree = "<group>"; };
		03B8432312A8026D008D6D25 /* AVFoundation.framework */ = {isa = PBXFileReference; lastKnownFileType = wrapper.framework; name = AVFoundation.framework; path = System/Library/Frameworks/AVFoundation.framework; sourceTree = SDKROOT; };
		03B8432512A8026D008D6D25 /* OpenAL.framework */ = {isa = PBXFileReference; lastKnownFileType = wrapper.framework; name = OpenAL.framework; path = System/Library/Frameworks/OpenAL.framework; sourceTree = SDKROOT; };
		03B8432712A8026D008D6D25 /* OpenGLES.framework */ = {isa = PBXFileReference; lastKnownFileType = wrapper.framework; name = OpenGLES.framework; path = System/Library/Frameworks/OpenGLES.framework; sourceTree = SDKROOT; };
		03B8432912A8026D008D6D25 /* QuartzCore.framework */ = {isa = PBXFileReference; lastKnownFileType = wrapper.framework; name = QuartzCore.framework; path = System/Library/Frameworks/QuartzCore.framework; sourceTree = SDKROOT; };
		03B8432B12A8026D008D6D25 /* libz.dylib */ = {isa = PBXFileReference; lastKnownFileType = "compiled.mach-o.dylib"; name = libz.dylib; path = usr/lib/libz.dylib; sourceTree = SDKROOT; };
		03B8434712A802A7008D6D25 /* HUDSystem.h */ = {isa = PBXFileReference; fileEncoding = 4; lastKnownFileType = sourcecode.c.h; path = HUDSystem.h; sourceTree = "<group>"; };
		03B8434812A802A7008D6D25 /* HUDSystem.mm */ = {isa = PBXFileReference; fileEncoding = 4; lastKnownFileType = sourcecode.cpp.objcpp; path = HUDSystem.mm; sourceTree = "<group>"; };
		03B8434A12A802A7008D6D25 /* GameLogicSystem.h */ = {isa = PBXFileReference; fileEncoding = 4; lastKnownFileType = sourcecode.c.h; path = GameLogicSystem.h; sourceTree = "<group>"; };
		03B8434B12A802A7008D6D25 /* GameLogicSystem.mm */ = {isa = PBXFileReference; fileEncoding = 4; lastKnownFileType = sourcecode.cpp.objcpp; path = GameLogicSystem.mm; sourceTree = "<group>"; };
		03B8434D12A802A7008D6D25 /* PlayerControlledSystem.h */ = {isa = PBXFileReference; fileEncoding = 4; lastKnownFileType = sourcecode.c.h; path = PlayerControlledSystem.h; sourceTree = "<group>"; };
		03B8434E12A802A7008D6D25 /* PlayerControlledSystem.mm */ = {isa = PBXFileReference; fileEncoding = 4; lastKnownFileType = sourcecode.cpp.objcpp; path = PlayerControlledSystem.mm; sourceTree = "<group>"; };
		03B8435012A802A7008D6D25 /* GameBoardSystem.h */ = {isa = PBXFileReference; fileEncoding = 4; lastKnownFileType = sourcecode.c.h; path = GameBoardSystem.h; sourceTree = "<group>"; };
		03B8435112A802A7008D6D25 /* GameBoardSystem.mm */ = {isa = PBXFileReference; fileEncoding = 4; lastKnownFileType = sourcecode.cpp.objcpp; path = GameBoardSystem.mm; sourceTree = "<group>"; };
		03B8435312A802A7008D6D25 /* GameComponents.h */ = {isa = PBXFileReference; fileEncoding = 4; lastKnownFileType = sourcecode.c.h; path = GameComponents.h; sourceTree = "<group>"; };
		03B8435412A802A7008D6D25 /* GameComponents.mm */ = {isa = PBXFileReference; fileEncoding = 4; lastKnownFileType = sourcecode.cpp.objcpp; path = GameComponents.mm; sourceTree = "<group>"; };
		03B8435A12A802A7008D6D25 /* Game.h */ = {isa = PBXFileReference; fileEncoding = 4; lastKnownFileType = sourcecode.c.h; path = Game.h; sourceTree = "<group>"; };
		03B8435B12A802A7008D6D25 /* Game.mm */ = {isa = PBXFileReference; fileEncoding = 4; lastKnownFileType = sourcecode.cpp.objcpp; path = Game.mm; sourceTree = "<group>"; };
		03B8435C12A802A7008D6D25 /* globals.h */ = {isa = PBXFileReference; fileEncoding = 4; lastKnownFileType = sourcecode.c.h; path = globals.h; sourceTree = "<group>"; };
		03B8435D12A802A7008D6D25 /* globals.mm */ = {isa = PBXFileReference; fileEncoding = 4; lastKnownFileType = sourcecode.cpp.objcpp; path = globals.mm; sourceTree = "<group>"; };
		03B8436F12A802CC008D6D25 /* AudioToolbox.framework */ = {isa = PBXFileReference; lastKnownFileType = wrapper.framework; name = AudioToolbox.framework; path = System/Library/Frameworks/AudioToolbox.framework; sourceTree = SDKROOT; };
		03D33B7512A915AC00587E92 /* MenuScene.h */ = {isa = PBXFileReference; fileEncoding = 4; lastKnownFileType = sourcecode.c.h; path = MenuScene.h; sourceTree = "<group>"; };
		03D33B7612A915AC00587E92 /* MenuScene.mm */ = {isa = PBXFileReference; fileEncoding = 4; lastKnownFileType = sourcecode.cpp.objcpp; path = MenuScene.mm; sourceTree = "<group>"; };
		03D33B7812A915AC00587E92 /* GameScene.h */ = {isa = PBXFileReference; fileEncoding = 4; lastKnownFileType = sourcecode.c.h; path = GameScene.h; sourceTree = "<group>"; };
		03D33B7912A915AC00587E92 /* GameScene.mm */ = {isa = PBXFileReference; fileEncoding = 4; lastKnownFileType = sourcecode.cpp.objcpp; path = GameScene.mm; sourceTree = "<group>"; };
		1D30AB110D05D00D00671497 /* Foundation.framework */ = {isa = PBXFileReference; lastKnownFileType = wrapper.framework; name = Foundation.framework; path = System/Library/Frameworks/Foundation.framework; sourceTree = SDKROOT; };
		1D6058910D05DD3D006BFB54 /* Framework.app */ = {isa = PBXFileReference; explicitFileType = wrapper.application; includeInIndex = 0; path = Framework.app; sourceTree = BUILT_PRODUCTS_DIR; };
		1DF5F4DF0D08C38300B7A737 /* UIKit.framework */ = {isa = PBXFileReference; lastKnownFileType = wrapper.framework; name = UIKit.framework; path = System/Library/Frameworks/UIKit.framework; sourceTree = SDKROOT; };
		288765FC0DF74451002DB57D /* CoreGraphics.framework */ = {isa = PBXFileReference; lastKnownFileType = wrapper.framework; name = CoreGraphics.framework; path = System/Library/Frameworks/CoreGraphics.framework; sourceTree = SDKROOT; };
		29B97316FDCFA39411CA2CEA /* main.m */ = {isa = PBXFileReference; fileEncoding = 4; lastKnownFileType = sourcecode.c.objc; path = main.m; sourceTree = "<group>"; };
		32CA4F630368D1EE00C91783 /* Framework_Prefix.pch */ = {isa = PBXFileReference; fileEncoding = 4; lastKnownFileType = sourcecode.c.h; path = Framework_Prefix.pch; sourceTree = "<group>"; };
		8D1107310486CEB800E47090 /* Framework-Info.plist */ = {isa = PBXFileReference; fileEncoding = 4; lastKnownFileType = text.plist.xml; path = "Framework-Info.plist"; plistStructureDefinitionIdentifier = "com.apple.xcode.plist.structure-definition.iphone.info-plist"; sourceTree = "<group>"; };
/* End PBXFileReference section */

/* Begin PBXFrameworksBuildPhase section */
		1D60588F0D05DD3D006BFB54 /* Frameworks */ = {
			isa = PBXFrameworksBuildPhase;
			buildActionMask = 2147483647;
			files = (
				1D60589F0D05DD5A006BFB54 /* Foundation.framework in Frameworks */,
				1DF5F4E00D08C38300B7A737 /* UIKit.framework in Frameworks */,
				288765FD0DF74451002DB57D /* CoreGraphics.framework in Frameworks */,
				03B8432412A8026D008D6D25 /* AVFoundation.framework in Frameworks */,
				03B8432612A8026D008D6D25 /* OpenAL.framework in Frameworks */,
				03B8432812A8026D008D6D25 /* OpenGLES.framework in Frameworks */,
				03B8432A12A8026D008D6D25 /* QuartzCore.framework in Frameworks */,
				03B8432C12A8026D008D6D25 /* libz.dylib in Frameworks */,
				03B8437012A802CC008D6D25 /* AudioToolbox.framework in Frameworks */,
				032A195B12AC72900046B89E /* GameKit.framework in Frameworks */,
				03275B3712AD7D5B00B4CF98 /* StoreKit.framework in Frameworks */,
			);
			runOnlyForDeploymentPostprocessing = 0;
		};
/* End PBXFrameworksBuildPhase section */

/* Begin PBXGroup section */
		03275A4812AD7D2800B4CF98 /* ComponentV3 */ = {
			isa = PBXGroup;
			children = (
				03275A4912AD7D2800B4CF98 /* Components */,
				03275A4C12AD7D2800B4CF98 /* ComponentV3.h */,
				03275A4D12AD7D2800B4CF98 /* Entity */,
				03275A5012AD7D2800B4CF98 /* Entity Manager */,
				03275A5312AD7D2800B4CF98 /* Runtime */,
				03275AC812AD7D2800B4CF98 /* Systems */,
				03275AE212AD7D2800B4CF98 /* types.h */,
			);
			path = ComponentV3;
			sourceTree = "<group>";
		};
		03275A4912AD7D2800B4CF98 /* Components */ = {
			isa = PBXGroup;
			children = (
				03275A4A12AD7D2800B4CF98 /* Component.h */,
				03275A4B12AD7D2800B4CF98 /* Component.mm */,
			);
			path = Components;
			sourceTree = "<group>";
		};
		03275A4D12AD7D2800B4CF98 /* Entity */ = {
			isa = PBXGroup;
			children = (
				03275A4E12AD7D2800B4CF98 /* Entity.h */,
				03275A4F12AD7D2800B4CF98 /* Entity.mm */,
			);
			path = Entity;
			sourceTree = "<group>";
		};
		03275A5012AD7D2800B4CF98 /* Entity Manager */ = {
			isa = PBXGroup;
			children = (
				03275A5112AD7D2800B4CF98 /* EntityManager.h */,
				03275A5212AD7D2800B4CF98 /* EntityManager.mm */,
			);
			path = "Entity Manager";
			sourceTree = "<group>";
		};
		03275A5312AD7D2800B4CF98 /* Runtime */ = {
			isa = PBXGroup;
			children = (
				03275A5412AD7D2800B4CF98 /* Audio */,
				03275A5F12AD7D2800B4CF98 /* Graphics */,
				03275A8312AD7D2800B4CF98 /* Input */,
				03275A8612AD7D2800B4CF98 /* Platforms */,
				03275ABB12AD7D2800B4CF98 /* Resource Managers */,
				03275AC012AD7D2800B4CF98 /* Scene */,
				03275AC312AD7D2800B4CF98 /* Util */,
			);
			path = Runtime;
			sourceTree = "<group>";
		};
		03275A5412AD7D2800B4CF98 /* Audio */ = {
			isa = PBXGroup;
			children = (
				03275A5512AD7D2800B4CF98 /* CocosDenshion */,
			);
			path = Audio;
			sourceTree = "<group>";
		};
		03275A5512AD7D2800B4CF98 /* CocosDenshion */ = {
			isa = PBXGroup;
			children = (
				03275A5612AD7D2800B4CF98 /* CDAudioManager.h */,
				03275A5712AD7D2800B4CF98 /* CDAudioManager.m */,
				03275A5812AD7D2800B4CF98 /* CDConfig.h */,
				03275A5912AD7D2800B4CF98 /* CDOpenALSupport.h */,
				03275A5A12AD7D2800B4CF98 /* CDOpenALSupport.m */,
				03275A5B12AD7D2800B4CF98 /* CocosDenshion.h */,
				03275A5C12AD7D2800B4CF98 /* CocosDenshion.m */,
				03275A5D12AD7D2800B4CF98 /* SimpleAudioEngine.h */,
				03275A5E12AD7D2800B4CF98 /* SimpleAudioEngine.m */,
			);
			path = CocosDenshion;
			sourceTree = "<group>";
		};
		03275A5F12AD7D2800B4CF98 /* Graphics */ = {
			isa = PBXGroup;
			children = (
				03275A6012AD7D2800B4CF98 /* Font */,
				03275A6312AD7D2800B4CF98 /* Particle */,
				03275A7212AD7D2800B4CF98 /* RenderDevice.h */,
				03275A7312AD7D2800B4CF98 /* RenderDevice.mm */,
				03275A7412AD7D2800B4CF98 /* SOIL_iPhone */,
				03275A7F12AD7D2800B4CF98 /* Texture2D.h */,
				03275A8012AD7D2800B4CF98 /* Texture2D.mm */,
				03275A8112AD7D2800B4CF98 /* TexturedQuad.h */,
				03275A8212AD7D2800B4CF98 /* TexturedQuad.mm */,
			);
			path = Graphics;
			sourceTree = "<group>";
		};
		03275A6012AD7D2800B4CF98 /* Font */ = {
			isa = PBXGroup;
			children = (
				03275A6112AD7D2800B4CF98 /* bm_font.h */,
				03275A6212AD7D2800B4CF98 /* bm_font.mm */,
			);
			path = Font;
			sourceTree = "<group>";
		};
		03275A6312AD7D2800B4CF98 /* Particle */ = {
			isa = PBXGroup;
			children = (
				03275A6412AD7D2800B4CF98 /* Global.h */,
				03275A6512AD7D2800B4CF98 /* OBJCTexture2D.h */,
				03275A6612AD7D2800B4CF98 /* OBJCTexture2D.mm */,
				03275A6712AD7D2800B4CF98 /* Particle Emitter */,
				03275A6C12AD7D2800B4CF98 /* Structures.h */,
				03275A6D12AD7D2800B4CF98 /* TBXML */,
			);
			path = Particle;
			sourceTree = "<group>";
		};
		03275A6712AD7D2800B4CF98 /* Particle Emitter */ = {
			isa = PBXGroup;
			children = (
				03275A6812AD7D2800B4CF98 /* ParticleEmitter.h */,
				03275A6912AD7D2800B4CF98 /* ParticleEmitter.mm */,
				03275A6A12AD7D2800B4CF98 /* TBXMLParticleAdditions.h */,
				03275A6B12AD7D2800B4CF98 /* TBXMLParticleAdditions.m */,
			);
			path = "Particle Emitter";
			sourceTree = "<group>";
		};
		03275A6D12AD7D2800B4CF98 /* TBXML */ = {
			isa = PBXGroup;
			children = (
				03275A6E12AD7D2800B4CF98 /* NSDataAdditions.h */,
				03275A6F12AD7D2800B4CF98 /* NSDataAdditions.m */,
				03275A7012AD7D2800B4CF98 /* TBXML.h */,
				03275A7112AD7D2800B4CF98 /* TBXML.m */,
			);
			path = TBXML;
			sourceTree = "<group>";
		};
		03275A7412AD7D2800B4CF98 /* SOIL_iPhone */ = {
			isa = PBXGroup;
			children = (
				03275A7512AD7D2800B4CF98 /* image_DXT.h */,
				03275A7612AD7D2800B4CF98 /* image_DXT.mm */,
				03275A7712AD7D2800B4CF98 /* image_helper.h */,
				03275A7812AD7D2800B4CF98 /* image_helper.mm */,
				03275A7912AD7D2800B4CF98 /* SOIL.h */,
				03275A7A12AD7D2800B4CF98 /* SOIL.mm */,
				03275A7B12AD7D2800B4CF98 /* stb_image_aug.h */,
				03275A7C12AD7D2800B4CF98 /* stb_image_aug.mm */,
				03275A7D12AD7D2800B4CF98 /* stbi_DDS_aug.h */,
				03275A7E12AD7D2800B4CF98 /* stbi_DDS_aug_c.h */,
			);
			path = SOIL_iPhone;
			sourceTree = "<group>";
		};
		03275A8312AD7D2800B4CF98 /* Input */ = {
			isa = PBXGroup;
			children = (
				03275A8412AD7D2800B4CF98 /* InputDevice.h */,
				03275A8512AD7D2800B4CF98 /* InputDevice.mm */,
			);
			path = Input;
			sourceTree = "<group>";
		};
		03275A8612AD7D2800B4CF98 /* Platforms */ = {
			isa = PBXGroup;
			children = (
				03275A8712AD7D2800B4CF98 /* iOS */,
			);
			path = Platforms;
			sourceTree = "<group>";
		};
		03275A8712AD7D2800B4CF98 /* iOS */ = {
			isa = PBXGroup;
			children = (
				03275A8812AD7D2800B4CF98 /* EAGLView.h */,
				03275A8912AD7D2800B4CF98 /* EAGLView.mm */,
				03275A8A12AD7D2800B4CF98 /* Facebook Sumbit Controller */,
				03275A8E12AD7D2800B4CF98 /* FBConnect */,
				03275AA712AD7D2800B4CF98 /* GameCenterManager.h */,
				03275AA812AD7D2800B4CF98 /* GameCenterManager.m */,
				03275AA912AD7D2800B4CF98 /* Main View Controller */,
				03275AAE12AD7D2800B4CF98 /* MainWindow.xib */,
				03275AAF12AD7D2800B4CF98 /* Minyx Store */,
				03275AB412AD7D2800B4CF98 /* MKStore */,
				03275AB912AD7D2800B4CF98 /* MXAppDelegate.h */,
				03275ABA12AD7D2800B4CF98 /* MXAppDelegate.mm */,
			);
			path = iOS;
			sourceTree = "<group>";
		};
		03275A8A12AD7D2800B4CF98 /* Facebook Sumbit Controller */ = {
			isa = PBXGroup;
			children = (
				03275A8B12AD7D2800B4CF98 /* FacebookSubmitController.h */,
				03275A8C12AD7D2800B4CF98 /* FacebookSubmitController.m */,
				03275A8D12AD7D2800B4CF98 /* FacebookSubmitController.xib */,
			);
			path = "Facebook Sumbit Controller";
			sourceTree = "<group>";
		};
		03275A8E12AD7D2800B4CF98 /* FBConnect */ = {
			isa = PBXGroup;
			children = (
				03275A8F12AD7D2800B4CF98 /* Facebook.h */,
				03275A9012AD7D2800B4CF98 /* Facebook.m */,
				03275A9112AD7D2800B4CF98 /* FBConnect.h */,
				03275A9212AD7D2800B4CF98 /* FBDialog.bundle */,
				03275A9312AD7D2800B4CF98 /* FBDialog.h */,
				03275A9412AD7D2800B4CF98 /* FBDialog.m */,
				03275A9512AD7D2800B4CF98 /* FBLoginDialog.h */,
				03275A9612AD7D2800B4CF98 /* FBLoginDialog.m */,
				03275A9712AD7D2800B4CF98 /* FBRequest.h */,
				03275A9812AD7D2800B4CF98 /* FBRequest.m */,
				03275A9912AD7D2800B4CF98 /* JSON */,
			);
			path = FBConnect;
			sourceTree = "<group>";
		};
		03275A9912AD7D2800B4CF98 /* JSON */ = {
			isa = PBXGroup;
			children = (
				03275A9A12AD7D2800B4CF98 /* JSON.h */,
				03275A9B12AD7D2800B4CF98 /* NSObject+SBJSON.h */,
				03275A9C12AD7D2800B4CF98 /* NSObject+SBJSON.m */,
				03275A9D12AD7D2800B4CF98 /* NSString+SBJSON.h */,
				03275A9E12AD7D2800B4CF98 /* NSString+SBJSON.m */,
				03275A9F12AD7D2800B4CF98 /* SBJSON.h */,
				03275AA012AD7D2800B4CF98 /* SBJSON.m */,
				03275AA112AD7D2800B4CF98 /* SBJsonBase.h */,
				03275AA212AD7D2800B4CF98 /* SBJsonBase.m */,
				03275AA312AD7D2800B4CF98 /* SBJsonParser.h */,
				03275AA412AD7D2800B4CF98 /* SBJsonParser.m */,
				03275AA512AD7D2800B4CF98 /* SBJsonWriter.h */,
				03275AA612AD7D2800B4CF98 /* SBJsonWriter.m */,
			);
			path = JSON;
			sourceTree = "<group>";
		};
		03275AA912AD7D2800B4CF98 /* Main View Controller */ = {
			isa = PBXGroup;
			children = (
				03275AAA12AD7D2800B4CF98 /* MainViewController.h */,
				03275AAB12AD7D2800B4CF98 /* MainViewController.mm */,
				03275AAC12AD7D2800B4CF98 /* MainViewController_landscape.xib */,
				03275AAD12AD7D2800B4CF98 /* MainViewController_portrait.xib */,
			);
			path = "Main View Controller";
			sourceTree = "<group>";
		};
		03275AAF12AD7D2800B4CF98 /* Minyx Store */ = {
			isa = PBXGroup;
			children = (
				03275AB012AD7D2800B4CF98 /* MinyxStoreViewController.h */,
				03275AB112AD7D2800B4CF98 /* MinyxStoreViewController.m */,
				03275AB212AD7D2800B4CF98 /* MinyxStoreViewController.xib */,
				03275AB312AD7D2800B4CF98 /* moneyyy.jpg */,
			);
			path = "Minyx Store";
			sourceTree = "<group>";
		};
		03275AB412AD7D2800B4CF98 /* MKStore */ = {
			isa = PBXGroup;
			children = (
				03275AB512AD7D2800B4CF98 /* MKStoreManager.h */,
				03275AB612AD7D2800B4CF98 /* MKStoreManager.m */,
				03275AB712AD7D2800B4CF98 /* MKStoreObserver.h */,
				03275AB812AD7D2800B4CF98 /* MKStoreObserver.m */,
			);
			path = MKStore;
			sourceTree = "<group>";
		};
		03275ABB12AD7D2800B4CF98 /* Resource Managers */ = {
			isa = PBXGroup;
			children = (
				03275ABC12AD7D2800B4CF98 /* RenderableManager.h */,
				03275ABD12AD7D2800B4CF98 /* RenderableManager.mm */,
				03275ABE12AD7D2800B4CF98 /* TextureManager.h */,
				03275ABF12AD7D2800B4CF98 /* TextureManager.mm */,
			);
			path = "Resource Managers";
			sourceTree = "<group>";
		};
		03275AC012AD7D2800B4CF98 /* Scene */ = {
			isa = PBXGroup;
			children = (
				03275AC112AD7D2800B4CF98 /* Scene.h */,
				03275AC212AD7D2800B4CF98 /* Scene.mm */,
			);
			path = Scene;
			sourceTree = "<group>";
		};
		03275AC312AD7D2800B4CF98 /* Util */ = {
			isa = PBXGroup;
			children = (
				03275AC412AD7D2800B4CF98 /* Timer.h */,
				03275AC512AD7D2800B4CF98 /* Timer.mm */,
				03275AC612AD7D2800B4CF98 /* util.cpp */,
				03275AC712AD7D2800B4CF98 /* util.h */,
			);
			path = Util;
			sourceTree = "<group>";
		};
		03275AC812AD7D2800B4CF98 /* Systems */ = {
			isa = PBXGroup;
			children = (
				03275AC912AD7D2800B4CF98 /* Action System */,
				03275ACD12AD7D2800B4CF98 /* Animation System */,
				03275AD012AD7D2800B4CF98 /* Attachment System */,
				03275AD312AD7D2800B4CF98 /* Corpse Retrieval System */,
				03275AD612AD7D2800B4CF98 /* Movement System */,
				03275AD912AD7D2800B4CF98 /* Particle System */,
				03275ADC12AD7D2800B4CF98 /* Render System */,
				03275ADF12AD7D2800B4CF98 /* Sound System */,
			);
			path = Systems;
			sourceTree = "<group>";
		};
		03275AC912AD7D2800B4CF98 /* Action System */ = {
			isa = PBXGroup;
			children = (
				03275ACA12AD7D2800B4CF98 /* Actions.h */,
				03275ACB12AD7D2800B4CF98 /* ActionSystem.h */,
				03275ACC12AD7D2800B4CF98 /* ActionSystem.mm */,
			);
			path = "Action System";
			sourceTree = "<group>";
		};
		03275ACD12AD7D2800B4CF98 /* Animation System */ = {
			isa = PBXGroup;
			children = (
				03275ACE12AD7D2800B4CF98 /* AnimationSystem.h */,
				03275ACF12AD7D2800B4CF98 /* AnimationSystem.mm */,
			);
			path = "Animation System";
			sourceTree = "<group>";
		};
		03275AD012AD7D2800B4CF98 /* Attachment System */ = {
			isa = PBXGroup;
			children = (
				03275AD112AD7D2800B4CF98 /* AttachmentSystem.h */,
				03275AD212AD7D2800B4CF98 /* AttachmentSystem.mm */,
			);
			path = "Attachment System";
			sourceTree = "<group>";
		};
		03275AD312AD7D2800B4CF98 /* Corpse Retrieval System */ = {
			isa = PBXGroup;
			children = (
				03275AD412AD7D2800B4CF98 /* CorpseRetrievalSystem.h */,
				03275AD512AD7D2800B4CF98 /* CorpseRetrievalSystem.mm */,
			);
			path = "Corpse Retrieval System";
			sourceTree = "<group>";
		};
		03275AD612AD7D2800B4CF98 /* Movement System */ = {
			isa = PBXGroup;
			children = (
				03275AD712AD7D2800B4CF98 /* MovementSystem.h */,
				03275AD812AD7D2800B4CF98 /* MovementSystem.mm */,
			);
			path = "Movement System";
			sourceTree = "<group>";
		};
		03275AD912AD7D2800B4CF98 /* Particle System */ = {
			isa = PBXGroup;
			children = (
				03275ADA12AD7D2800B4CF98 /* ParticleSystem.h */,
				03275ADB12AD7D2800B4CF98 /* ParticleSystem.mm */,
			);
			path = "Particle System";
			sourceTree = "<group>";
		};
		03275ADC12AD7D2800B4CF98 /* Render System */ = {
			isa = PBXGroup;
			children = (
				03275ADD12AD7D2800B4CF98 /* RenderSystem.h */,
				03275ADE12AD7D2800B4CF98 /* RenderSystem.mm */,
			);
			path = "Render System";
			sourceTree = "<group>";
		};
		03275ADF12AD7D2800B4CF98 /* Sound System */ = {
			isa = PBXGroup;
			children = (
				03275AE012AD7D2800B4CF98 /* SoundSystem.h */,
				03275AE112AD7D2800B4CF98 /* SoundSystem.mm */,
			);
			path = "Sound System";
			sourceTree = "<group>";
		};
		03B8431A12A80233008D6D25 /* Game */ = {
			isa = PBXGroup;
			children = (
				03D33B7312A915AC00587E92 /* Scenes */,
				03B8435C12A802A7008D6D25 /* globals.h */,
				03B8435D12A802A7008D6D25 /* globals.mm */,
				03B8435912A802A7008D6D25 /* GAME LOOP + CO */,
				03B8435512A802A7008D6D25 /* Game Objects */,
				03B8435212A802A7008D6D25 /* Game Components */,
				03B8434512A802A7008D6D25 /* Game Systems */,
				03B8431B12A80233008D6D25 /* AppController.h */,
				03B8431C12A80233008D6D25 /* AppController.m */,
				03B8431D12A80233008D6D25 /* SystemConfig.h */,
			);
			path = Game;
			sourceTree = "<group>";
		};
		03B8434512A802A7008D6D25 /* Game Systems */ = {
			isa = PBXGroup;
			children = (
				03B8434F12A802A7008D6D25 /* GameBoardSystem */,
				03B8434C12A802A7008D6D25 /* Player Control System */,
				03B8434912A802A7008D6D25 /* Game Logic System */,
				03B8434612A802A7008D6D25 /* HUD System */,
			);
			name = "Game Systems";
			sourceTree = "<group>";
		};
		03B8434612A802A7008D6D25 /* HUD System */ = {
			isa = PBXGroup;
			children = (
				03B8434712A802A7008D6D25 /* HUDSystem.h */,
				03B8434812A802A7008D6D25 /* HUDSystem.mm */,
			);
			name = "HUD System";
			sourceTree = "<group>";
		};
		03B8434912A802A7008D6D25 /* Game Logic System */ = {
			isa = PBXGroup;
			children = (
				03B8434A12A802A7008D6D25 /* GameLogicSystem.h */,
				03B8434B12A802A7008D6D25 /* GameLogicSystem.mm */,
			);
			name = "Game Logic System";
			sourceTree = "<group>";
		};
		03B8434C12A802A7008D6D25 /* Player Control System */ = {
			isa = PBXGroup;
			children = (
				03B8434D12A802A7008D6D25 /* PlayerControlledSystem.h */,
				03B8434E12A802A7008D6D25 /* PlayerControlledSystem.mm */,
			);
			name = "Player Control System";
			sourceTree = "<group>";
		};
		03B8434F12A802A7008D6D25 /* GameBoardSystem */ = {
			isa = PBXGroup;
			children = (
				03B8435012A802A7008D6D25 /* GameBoardSystem.h */,
				03B8435112A802A7008D6D25 /* GameBoardSystem.mm */,
			);
			name = GameBoardSystem;
			sourceTree = "<group>";
		};
		03B8435212A802A7008D6D25 /* Game Components */ = {
			isa = PBXGroup;
			children = (
				03B8435312A802A7008D6D25 /* GameComponents.h */,
				03B8435412A802A7008D6D25 /* GameComponents.mm */,
			);
			name = "Game Components";
			sourceTree = "<group>";
		};
		03B8435512A802A7008D6D25 /* Game Objects */ = {
			isa = PBXGroup;
			children = (
			);
			name = "Game Objects";
			sourceTree = "<group>";
		};
		03B8435912A802A7008D6D25 /* GAME LOOP + CO */ = {
			isa = PBXGroup;
			children = (
				03B8435A12A802A7008D6D25 /* Game.h */,
				03B8435B12A802A7008D6D25 /* Game.mm */,
			);
			name = "GAME LOOP + CO";
			sourceTree = "<group>";
		};
		03D33B7312A915AC00587E92 /* Scenes */ = {
			isa = PBXGroup;
			children = (
				03D33B7712A915AC00587E92 /* GameScene */,
				03D33B7412A915AC00587E92 /* MenuScene */,
			);
			name = Scenes;
			sourceTree = "<group>";
		};
		03D33B7412A915AC00587E92 /* MenuScene */ = {
			isa = PBXGroup;
			children = (
				03D33B7512A915AC00587E92 /* MenuScene.h */,
				03D33B7612A915AC00587E92 /* MenuScene.mm */,
			);
			name = MenuScene;
			sourceTree = "<group>";
		};
		03D33B7712A915AC00587E92 /* GameScene */ = {
			isa = PBXGroup;
			children = (
				03D33B7812A915AC00587E92 /* GameScene.h */,
				03D33B7912A915AC00587E92 /* GameScene.mm */,
			);
			name = GameScene;
			sourceTree = "<group>";
		};
		080E96DDFE201D6D7F000001 /* Classes */ = {
			isa = PBXGroup;
			children = (
				03275A4812AD7D2800B4CF98 /* ComponentV3 */,
				03B8431A12A80233008D6D25 /* Game */,
			);
			path = Classes;
			sourceTree = "<group>";
		};
		19C28FACFE9D520D11CA2CBB /* Products */ = {
			isa = PBXGroup;
			children = (
				1D6058910D05DD3D006BFB54 /* Framework.app */,
			);
			name = Products;
			sourceTree = "<group>";
		};
		29B97314FDCFA39411CA2CEA /* CustomTemplate */ = {
			isa = PBXGroup;
			children = (
				032A195712AC72750046B89E /* README */,
				8D1107310486CEB800E47090 /* Framework-Info.plist */,
				080E96DDFE201D6D7F000001 /* Classes */,
				29B97315FDCFA39411CA2CEA /* Other Sources */,
				29B97317FDCFA39411CA2CEA /* Resources */,
				29B97323FDCFA39411CA2CEA /* Frameworks */,
				19C28FACFE9D520D11CA2CBB /* Products */,
			);
			name = CustomTemplate;
			sourceTree = "<group>";
		};
		29B97315FDCFA39411CA2CEA /* Other Sources */ = {
			isa = PBXGroup;
			children = (
				32CA4F630368D1EE00C91783 /* Framework_Prefix.pch */,
				29B97316FDCFA39411CA2CEA /* main.m */,
			);
			name = "Other Sources";
			sourceTree = "<group>";
		};
		29B97317FDCFA39411CA2CEA /* Resources */ = {
			isa = PBXGroup;
			children = (
				03251A5412A8050C00E2FA25 /* back.png */,
				03251A5512A8050C00E2FA25 /* zomg.fnt */,
				03251A5612A8050C00E2FA25 /* zomg.png */,
			);
			name = Resources;
			sourceTree = "<group>";
		};
		29B97323FDCFA39411CA2CEA /* Frameworks */ = {
			isa = PBXGroup;
			children = (
				1DF5F4DF0D08C38300B7A737 /* UIKit.framework */,
				1D30AB110D05D00D00671497 /* Foundation.framework */,
				288765FC0DF74451002DB57D /* CoreGraphics.framework */,
				03B8432312A8026D008D6D25 /* AVFoundation.framework */,
				03B8432512A8026D008D6D25 /* OpenAL.framework */,
				03B8432712A8026D008D6D25 /* OpenGLES.framework */,
				03B8432912A8026D008D6D25 /* QuartzCore.framework */,
				03B8432B12A8026D008D6D25 /* libz.dylib */,
				03B8436F12A802CC008D6D25 /* AudioToolbox.framework */,
				032A195A12AC72900046B89E /* GameKit.framework */,
				03275B3612AD7D5B00B4CF98 /* StoreKit.framework */,
			);
			name = Frameworks;
			sourceTree = "<group>";
		};
/* End PBXGroup section */

/* Begin PBXNativeTarget section */
		1D6058900D05DD3D006BFB54 /* Framework */ = {
			isa = PBXNativeTarget;
			buildConfigurationList = 1D6058960D05DD3E006BFB54 /* Build configuration list for PBXNativeTarget "Framework" */;
			buildPhases = (
				1D60588D0D05DD3D006BFB54 /* Resources */,
				1D60588E0D05DD3D006BFB54 /* Sources */,
				1D60588F0D05DD3D006BFB54 /* Frameworks */,
			);
			buildRules = (
			);
			dependencies = (
			);
			name = Framework;
			productName = Framework;
			productReference = 1D6058910D05DD3D006BFB54 /* Framework.app */;
			productType = "com.apple.product-type.application";
		};
/* End PBXNativeTarget section */

/* Begin PBXProject section */
		29B97313FDCFA39411CA2CEA /* Project object */ = {
			isa = PBXProject;
			buildConfigurationList = C01FCF4E08A954540054247B /* Build configuration list for PBXProject "Framework" */;
			compatibilityVersion = "Xcode 3.1";
			developmentRegion = English;
			hasScannedForEncodings = 1;
			knownRegions = (
				English,
				Japanese,
				French,
				German,
			);
			mainGroup = 29B97314FDCFA39411CA2CEA /* CustomTemplate */;
			projectDirPath = "";
			projectRoot = "";
			targets = (
				1D6058900D05DD3D006BFB54 /* Framework */,
			);
		};
/* End PBXProject section */

/* Begin PBXResourcesBuildPhase section */
		1D60588D0D05DD3D006BFB54 /* Resources */ = {
			isa = PBXResourcesBuildPhase;
			buildActionMask = 2147483647;
			files = (
				03251A5712A8050C00E2FA25 /* back.png in Resources */,
				03251A5812A8050C00E2FA25 /* zomg.fnt in Resources */,
				03251A5912A8050C00E2FA25 /* zomg.png in Resources */,
				032A195812AC72750046B89E /* README in Resources */,
				03275AFA12AD7D2800B4CF98 /* FacebookSubmitController.xib in Resources */,
				03275AFC12AD7D2800B4CF98 /* FBDialog.bundle in Resources */,
				03275B0812AD7D2800B4CF98 /* MainViewController_landscape.xib in Resources */,
				03275B0912AD7D2800B4CF98 /* MainViewController_portrait.xib in Resources */,
				03275B0A12AD7D2800B4CF98 /* MainWindow.xib in Resources */,
				03275B0C12AD7D2800B4CF98 /* MinyxStoreViewController.xib in Resources */,
				03275B0D12AD7D2800B4CF98 /* moneyyy.jpg in Resources */,
			);
			runOnlyForDeploymentPostprocessing = 0;
		};
/* End PBXResourcesBuildPhase section */

/* Begin PBXSourcesBuildPhase section */
		1D60588E0D05DD3D006BFB54 /* Sources */ = {
			isa = PBXSourcesBuildPhase;
			buildActionMask = 2147483647;
			files = (
				1D60589B0D05DD56006BFB54 /* main.m in Sources */,
				03B8431E12A80233008D6D25 /* AppController.m in Sources */,
				03B8435E12A802A7008D6D25 /* HUDSystem.mm in Sources */,
				03B8435F12A802A7008D6D25 /* GameLogicSystem.mm in Sources */,
				03B8436012A802A7008D6D25 /* PlayerControlledSystem.mm in Sources */,
				03B8436112A802A7008D6D25 /* GameBoardSystem.mm in Sources */,
				03B8436212A802A7008D6D25 /* GameComponents.mm in Sources */,
				03B8436412A802A7008D6D25 /* Game.mm in Sources */,
				03B8436512A802A7008D6D25 /* globals.mm in Sources */,
				03D33B7A12A915AC00587E92 /* MenuScene.mm in Sources */,
				03D33B7B12A915AC00587E92 /* GameScene.mm in Sources */,
				03275AE312AD7D2800B4CF98 /* Component.mm in Sources */,
				03275AE412AD7D2800B4CF98 /* Entity.mm in Sources */,
				03275AE512AD7D2800B4CF98 /* EntityManager.mm in Sources */,
				03275AE612AD7D2800B4CF98 /* CDAudioManager.m in Sources */,
				03275AE712AD7D2800B4CF98 /* CDOpenALSupport.m in Sources */,
				03275AE812AD7D2800B4CF98 /* CocosDenshion.m in Sources */,
				03275AE912AD7D2800B4CF98 /* SimpleAudioEngine.m in Sources */,
				03275AEA12AD7D2800B4CF98 /* bm_font.mm in Sources */,
				03275AEB12AD7D2800B4CF98 /* OBJCTexture2D.mm in Sources */,
				03275AEC12AD7D2800B4CF98 /* ParticleEmitter.mm in Sources */,
				03275AED12AD7D2800B4CF98 /* TBXMLParticleAdditions.m in Sources */,
				03275AEE12AD7D2800B4CF98 /* NSDataAdditions.m in Sources */,
				03275AEF12AD7D2800B4CF98 /* TBXML.m in Sources */,
				03275AF012AD7D2800B4CF98 /* RenderDevice.mm in Sources */,
				03275AF112AD7D2800B4CF98 /* image_DXT.mm in Sources */,
				03275AF212AD7D2800B4CF98 /* image_helper.mm in Sources */,
				03275AF312AD7D2800B4CF98 /* SOIL.mm in Sources */,
				03275AF412AD7D2800B4CF98 /* stb_image_aug.mm in Sources */,
				03275AF512AD7D2800B4CF98 /* Texture2D.mm in Sources */,
				03275AF612AD7D2800B4CF98 /* TexturedQuad.mm in Sources */,
				03275AF712AD7D2800B4CF98 /* InputDevice.mm in Sources */,
				03275AF812AD7D2800B4CF98 /* EAGLView.mm in Sources */,
				03275AF912AD7D2800B4CF98 /* FacebookSubmitController.m in Sources */,
				03275AFB12AD7D2800B4CF98 /* Facebook.m in Sources */,
				03275AFD12AD7D2800B4CF98 /* FBDialog.m in Sources */,
				03275AFE12AD7D2800B4CF98 /* FBLoginDialog.m in Sources */,
				03275AFF12AD7D2800B4CF98 /* FBRequest.m in Sources */,
				03275B0012AD7D2800B4CF98 /* NSObject+SBJSON.m in Sources */,
				03275B0112AD7D2800B4CF98 /* NSString+SBJSON.m in Sources */,
				03275B0212AD7D2800B4CF98 /* SBJSON.m in Sources */,
				03275B0312AD7D2800B4CF98 /* SBJsonBase.m in Sources */,
				03275B0412AD7D2800B4CF98 /* SBJsonParser.m in Sources */,
				03275B0512AD7D2800B4CF98 /* SBJsonWriter.m in Sources */,
				03275B0612AD7D2800B4CF98 /* GameCenterManager.m in Sources */,
				03275B0712AD7D2800B4CF98 /* MainViewController.mm in Sources */,
				03275B0B12AD7D2800B4CF98 /* MinyxStoreViewController.m in Sources */,
				03275B0E12AD7D2800B4CF98 /* MKStoreManager.m in Sources */,
				03275B0F12AD7D2800B4CF98 /* MKStoreObserver.m in Sources */,
				03275B1012AD7D2800B4CF98 /* MXAppDelegate.mm in Sources */,
				03275B1112AD7D2800B4CF98 /* RenderableManager.mm in Sources */,
				03275B1212AD7D2800B4CF98 /* TextureManager.mm in Sources */,
				03275B1312AD7D2800B4CF98 /* Scene.mm in Sources */,
				03275B1412AD7D2800B4CF98 /* Timer.mm in Sources */,
				03275B1512AD7D2800B4CF98 /* util.cpp in Sources */,
				03275B1612AD7D2800B4CF98 /* ActionSystem.mm in Sources */,
				03275B1712AD7D2800B4CF98 /* AnimationSystem.mm in Sources */,
				03275B1812AD7D2800B4CF98 /* AttachmentSystem.mm in Sources */,
				03275B1912AD7D2800B4CF98 /* CorpseRetrievalSystem.mm in Sources */,
				03275B1A12AD7D2800B4CF98 /* MovementSystem.mm in Sources */,
				03275B1B12AD7D2800B4CF98 /* ParticleSystem.mm in Sources */,
				03275B1C12AD7D2800B4CF98 /* RenderSystem.mm in Sources */,
				03275B1D12AD7D2800B4CF98 /* SoundSystem.mm in Sources */,
			);
			runOnlyForDeploymentPostprocessing = 0;
		};
/* End PBXSourcesBuildPhase section */

/* Begin XCBuildConfiguration section */
		1D6058940D05DD3E006BFB54 /* Debug */ = {
			isa = XCBuildConfiguration;
			buildSettings = {
				ALWAYS_SEARCH_USER_PATHS = NO;
				COPY_PHASE_STRIP = NO;
				GCC_DYNAMIC_NO_PIC = NO;
				GCC_OPTIMIZATION_LEVEL = 0;
				GCC_PRECOMPILE_PREFIX_HEADER = YES;
				GCC_PREFIX_HEADER = Framework_Prefix.pch;
				INFOPLIST_FILE = "Framework-Info.plist";
				PRODUCT_NAME = Framework;
			};
			name = Debug;
		};
		1D6058950D05DD3E006BFB54 /* Release */ = {
			isa = XCBuildConfiguration;
			buildSettings = {
				ALWAYS_SEARCH_USER_PATHS = NO;
				COPY_PHASE_STRIP = YES;
				GCC_PRECOMPILE_PREFIX_HEADER = YES;
				GCC_PREFIX_HEADER = Framework_Prefix.pch;
				INFOPLIST_FILE = "Framework-Info.plist";
				PRODUCT_NAME = Framework;
				VALIDATE_PRODUCT = YES;
			};
			name = Release;
		};
		C01FCF4F08A954540054247B /* Debug */ = {
			isa = XCBuildConfiguration;
			buildSettings = {
				ARCHS = "$(ARCHS_STANDARD_32_BIT)";
				"CODE_SIGN_IDENTITY[sdk=iphoneos*]" = "iPhone Developer";
				GCC_C_LANGUAGE_STANDARD = c99;
				GCC_WARN_ABOUT_RETURN_TYPE = YES;
				GCC_WARN_UNUSED_VARIABLE = YES;
				PREBINDING = NO;
				SDKROOT = iphoneos;
			};
			name = Debug;
		};
		C01FCF5008A954540054247B /* Release */ = {
			isa = XCBuildConfiguration;
			buildSettings = {
				ARCHS = "$(ARCHS_STANDARD_32_BIT)";
				"CODE_SIGN_IDENTITY[sdk=iphoneos*]" = "iPhone Developer";
				GCC_C_LANGUAGE_STANDARD = c99;
				GCC_WARN_ABOUT_RETURN_TYPE = YES;
				GCC_WARN_UNUSED_VARIABLE = YES;
				OTHER_CFLAGS = "-DNS_BLOCK_ASSERTIONS=1";
				PREBINDING = NO;
				SDKROOT = iphoneos;
			};
			name = Release;
		};
/* End XCBuildConfiguration section */

/* Begin XCConfigurationList section */
		1D6058960D05DD3E006BFB54 /* Build configuration list for PBXNativeTarget "Framework" */ = {
			isa = XCConfigurationList;
			buildConfigurations = (
				1D6058940D05DD3E006BFB54 /* Debug */,
				1D6058950D05DD3E006BFB54 /* Release */,
			);
			defaultConfigurationIsVisible = 0;
			defaultConfigurationName = Release;
		};
		C01FCF4E08A954540054247B /* Build configuration list for PBXProject "Framework" */ = {
			isa = XCConfigurationList;
			buildConfigurations = (
				C01FCF4F08A954540054247B /* Debug */,
				C01FCF5008A954540054247B /* Release */,
			);
			defaultConfigurationIsVisible = 0;
			defaultConfigurationName = Release;
		};
/* End XCConfigurationList section */
	};
	rootObject = 29B97313FDCFA39411CA2CEA /* Project object */;
}
